
Microsoft Visual Studio Solution File, Format Version 12.00
# Visual Studio Version 16
VisualStudioVersion = 16.0.28721.148
MinimumVisualStudioVersion = 10.0.40219.1
Project("{2150E333-8FDC-42A3-9474-1A3956D46DE8}") = "Solution Items", "Solution Items", "{E168A963-3FF6-4FE9-82B4-7647D4AD8D97}"
	ProjectSection(SolutionItems) = preProject
		README.md = README.md
		Taurit.Toolkit.sln.vsspell = Taurit.Toolkit.sln.vsspell
	EndProjectSection
EndProject
Project("{FAE04EC0-301F-11D3-BF4B-00C04F79EFBC}") = "Taurit.Toolkit.ConvertToWebP", "Taurit.Toolkit.ConvertToWebP\Taurit.Toolkit.ConvertToWebP.csproj", "{9867B45D-E2E0-4445-8CC1-C945B3C3CE5F}"
EndProject
Project("{FAE04EC0-301F-11D3-BF4B-00C04F79EFBC}") = "Taurit.Toolkit.RemoveJpgFilesWhenCr2FilesExist", "Taurit.Toolkit.RemoveJpgFilesWhenCr2FilesExist\Taurit.Toolkit.RemoveJpgFilesWhenCr2FilesExist.csproj", "{2CF546BE-3DF6-44D2-BF11-F1B56802DA70}"
EndProject
Project("{2150E333-8FDC-42A3-9474-1A3956D46DE8}") = "Tests", "Tests", "{2ED56955-F3FC-49D7-8CA2-8B6D61C5A751}"
EndProject
Project("{FAE04EC0-301F-11D3-BF4B-00C04F79EFBC}") = "Taurit.Toolkit.FixDateFormatInFilenames.Tests", "Taurit.Toolkit.FixDateFormatInFilenames.Tests\Taurit.Toolkit.FixDateFormatInFilenames.Tests.csproj", "{E6E0C9B7-ACC0-4963-A74D-C67C3E5E18AF}"
EndProject
Project("{FAE04EC0-301F-11D3-BF4B-00C04F79EFBC}") = "Taurit.Toolkit.OptimizeRssForFeedly", "Taurit.Toolkit.OptimizeRssForFeedly\Taurit.Toolkit.OptimizeRssForFeedly.csproj", "{808FECD3-91B3-4A54-AEA1-21A5655C9249}"
EndProject
Project("{FAE04EC0-301F-11D3-BF4B-00C04F79EFBC}") = "Taurit.Toolkit.OptimizeRssForFeedly.Tests", "Taurit.Toolkit.OptimizeRssForFeedly.Tests\Taurit.Toolkit.OptimizeRssForFeedly.Tests.csproj", "{C102CAEE-32CB-4CE9-B2C4-320274811197}"
EndProject
Project("{FAE04EC0-301F-11D3-BF4B-00C04F79EFBC}") = "Taurit.Toolkit.ProcessRecognizedInboxFiles", "Taurit.Toolkit.ProcessRecognizedInboxFiles\Taurit.Toolkit.ProcessRecognizedInboxFiles.csproj", "{7CE788B1-9FDB-4B60-87DB-634D98FA6F45}"
EndProject
Project("{FAE04EC0-301F-11D3-BF4B-00C04F79EFBC}") = "Taurit.Toolkit.ConvertBlogpostImages", "Taurit.Toolkit.ConvertBlogpostImages\Taurit.Toolkit.ConvertBlogpostImages.csproj", "{F9B1CFF0-FD23-44DA-B886-443015889A2D}"
EndProject
Project("{9A19103F-16F7-4668-BE54-9A1E7A4F7556}") = "Taurit.Toolkit.TodoistInboxHelper", "Taurit.Toolkit.TodoistInboxHelper\Taurit.Toolkit.TodoistInboxHelper.csproj", "{7B2467AB-A5B7-4516-A2E4-36A09EE2A55D}"
EndProject
Project("{FAE04EC0-301F-11D3-BF4B-00C04F79EFBC}") = "Taurit.Toolkit.ProcessTodoistInbox.UI", "Taurit.Toolkit.ProcessTodoistInbox\Taurit.Toolkit.ProcessTodoistInbox.UI.csproj", "{E00546B3-6D43-4BDF-91BB-FAEA67C79FF4}"
EndProject
Project("{FAE04EC0-301F-11D3-BF4B-00C04F79EFBC}") = "Taurit.Toolkit.ProcessTodoistInbox.Tests", "Taurit.Toolkit.ProcessTodoistInbox.Tests\Taurit.Toolkit.ProcessTodoistInbox.Tests.csproj", "{17AAF849-79C6-4FC9-A771-3EE83A2E94BB}"
EndProject
Project("{FAE04EC0-301F-11D3-BF4B-00C04F79EFBC}") = "Taurit.Toolkit.CountdownToSleep", "Taurit.Toolkit.CountdownToSleep\Taurit.Toolkit.CountdownToSleep.csproj", "{D9F7EDE5-D855-4951-B0D8-4421597A90F1}"
EndProject
Project("{9A19103F-16F7-4668-BE54-9A1E7A4F7556}") = "Taurit.Toolkit.ProcessTodoistInbox.Common", "Taurit.Toolkit.ProcesTodoistInbox.Common\Taurit.Toolkit.ProcessTodoistInbox.Common.csproj", "{382CF559-6D20-465A-B8EF-B10852F40FF3}"
EndProject
Project("{9A19103F-16F7-4668-BE54-9A1E7A4F7556}") = "Taurit.Toolkit.WeightMonitor.Common", "Taurit.Tookit.WeightMonitor\Taurit.Toolkit.WeightMonitor.Common\Taurit.Toolkit.WeightMonitor.Common.csproj", "{3DF613C0-BC47-49F4-94B3-CA7265FCA325}"
EndProject
Project("{2150E333-8FDC-42A3-9474-1A3956D46DE8}") = "Taurit.Tookit.WeightMonitor", "Taurit.Tookit.WeightMonitor", "{F7FEF359-F72A-4C44-BB9C-CE3F6C1B5C4C}"
EndProject
Project("{2150E333-8FDC-42A3-9474-1A3956D46DE8}") = "Taurit.Toolkit.ProcessTodoistInbox", "Taurit.Toolkit.ProcessTodoistInbox", "{76770423-D4DF-41CA-9FFC-53C25B9191CA}"
EndProject
Project("{2150E333-8FDC-42A3-9474-1A3956D46DE8}") = "Taurit.Toolkit.CountdownToSleep", "Taurit.Toolkit.CountdownToSleep", "{86AF6D6C-7E13-44D4-99E0-84D3F114A388}"
EndProject
Project("{2150E333-8FDC-42A3-9474-1A3956D46DE8}") = "Taurit.Toolkit.OptimizeRssForFeedly", "Taurit.Toolkit.OptimizeRssForFeedly", "{687F58F3-7600-4C71-8D86-F089325A34B1}"
EndProject
Project("{2150E333-8FDC-42A3-9474-1A3956D46DE8}") = "Taurit.Toolkit.FileProcessors", "Taurit.Toolkit.FileProcessors", "{02D90733-1874-42B8-9153-7117860FA7EC}"
EndProject
Project("{9A19103F-16F7-4668-BE54-9A1E7A4F7556}") = "Taurit.Toolkit.ProcessTodoistInbox.Stats", "Taurit.Toolkit.ProcessTodoistInbox.Stats\Taurit.Toolkit.ProcessTodoistInbox.Stats.csproj", "{3D165C3C-1979-47CB-9CFE-1D8018AB7544}"
EndProject
Project("{9A19103F-16F7-4668-BE54-9A1E7A4F7556}") = "Taurit.Toolkit.TodoistInboxHelper.Tests", "Taurit.Toolkit.TodoistInboxHelper.Tests\Taurit.Toolkit.TodoistInboxHelper.Tests.csproj", "{C452E2F3-7634-431D-B4E4-16A1BE7F0CC0}"
EndProject
Project("{9A19103F-16F7-4668-BE54-9A1E7A4F7556}") = "Taurit.Toolkit.ProcessTodoistInbox.Raspberry", "Taurit.Toolkit.ProcessTodoistInbox.Raspberry\Taurit.Toolkit.ProcessTodoistInbox.Raspberry.csproj", "{71462045-8B18-4C77-81EF-03586C31EFC3}"
EndProject
Project("{9A19103F-16F7-4668-BE54-9A1E7A4F7556}") = "Taurit.Toolkit.ProcessTodoistInbox.Stats.Correlation", "Taurit.Toolkit.ProcessTodoistInbox.Stats.Correlation\Taurit.Toolkit.ProcessTodoistInbox.Stats.Correlation.csproj", "{9EC4B580-1488-4EC3-B848-8698CD55A572}"
EndProject
Project("{FAE04EC0-301F-11D3-BF4B-00C04F79EFBC}") = "Taurit.Toolkit.ProcessRecognizedInboxFiles.Tests", "Taurit.Toolkit.ProcessRecognizedInboxFiles.Tests\Taurit.Toolkit.ProcessRecognizedInboxFiles.Tests.csproj", "{B13ADBE4-4997-4082-8E47-6939F404C72B}"
EndProject
Project("{9A19103F-16F7-4668-BE54-9A1E7A4F7556}") = "Taurit.Toolkit.ProcessTodoistInbox.Common.Tests", "Taurit.Toolkit.ProcessTodoistInbox.Common.Tests\Taurit.Toolkit.ProcessTodoistInbox.Common.Tests.csproj", "{7454D45B-76C5-4B80-864F-44B263A9C3C3}"
EndProject
Project("{9A19103F-16F7-4668-BE54-9A1E7A4F7556}") = "Taurit.Toolkit.CompressVideo", "Taurit.Toolkit.CompressVideo\Taurit.Toolkit.CompressVideo.csproj", "{4727C5C9-3F4B-467E-8C7B-034093B57EA3}"
EndProject
Project("{9A19103F-16F7-4668-BE54-9A1E7A4F7556}") = "Taurit.Toolkit.FileProcessors", "Taurit.Toolkit.FileProcessors\Taurit.Toolkit.FileProcessors.csproj", "{F8A1B4FE-53BA-47D1-AB59-EE50ED40FD0F}"
EndProject
Project("{FAE04EC0-301F-11D3-BF4B-00C04F79EFBC}") = "Taurit.Toolkit.FileProcessors.Tests", "Taurit.Toolkit.FileProcessors.Tests\Taurit.Toolkit.FileProcessors.Tests.csproj", "{21D2F72E-EF79-45AA-8F34-318FF6B03831}"
EndProject
Project("{FAE04EC0-301F-11D3-BF4B-00C04F79EFBC}") = "Taurit.Toolkit.WeightMonitor.Common.Tests", "Taurit.Tookit.WeightMonitor\Taurit.Toolkit.WeightMonitor.Common.Tests\Taurit.Toolkit.WeightMonitor.Common.Tests.csproj", "{F4AB16DA-C20B-4063-9C1B-4F0CABAF762A}"
EndProject
Project("{FAE04EC0-301F-11D3-BF4B-00C04F79EFBC}") = "Taurit.Toolkit.WeightMonitor.GUI", "Taurit.Tookit.WeightMonitor\Taurit.Toolkit.WeightMonitor.GUI\Taurit.Toolkit.WeightMonitor.GUI.csproj", "{8051F86B-FF47-4729-AADF-9571BD09471F}"
EndProject
Global
	GlobalSection(SolutionConfigurationPlatforms) = preSolution
		Debug|Any CPU = Debug|Any CPU
		Debug|ARM = Debug|ARM
		Debug|x64 = Debug|x64
		Debug|x86 = Debug|x86
		Release|Any CPU = Release|Any CPU
		Release|ARM = Release|ARM
		Release|x64 = Release|x64
		Release|x86 = Release|x86
	EndGlobalSection
	GlobalSection(ProjectConfigurationPlatforms) = postSolution
		{9867B45D-E2E0-4445-8CC1-C945B3C3CE5F}.Debug|Any CPU.ActiveCfg = Debug|Any CPU
		{9867B45D-E2E0-4445-8CC1-C945B3C3CE5F}.Debug|Any CPU.Build.0 = Debug|Any CPU
		{9867B45D-E2E0-4445-8CC1-C945B3C3CE5F}.Debug|ARM.ActiveCfg = Debug|Any CPU
		{9867B45D-E2E0-4445-8CC1-C945B3C3CE5F}.Debug|ARM.Build.0 = Debug|Any CPU
		{9867B45D-E2E0-4445-8CC1-C945B3C3CE5F}.Debug|x64.ActiveCfg = Debug|Any CPU
		{9867B45D-E2E0-4445-8CC1-C945B3C3CE5F}.Debug|x64.Build.0 = Debug|Any CPU
		{9867B45D-E2E0-4445-8CC1-C945B3C3CE5F}.Debug|x86.ActiveCfg = Debug|Any CPU
		{9867B45D-E2E0-4445-8CC1-C945B3C3CE5F}.Debug|x86.Build.0 = Debug|Any CPU
		{9867B45D-E2E0-4445-8CC1-C945B3C3CE5F}.Release|Any CPU.ActiveCfg = Release|Any CPU
		{9867B45D-E2E0-4445-8CC1-C945B3C3CE5F}.Release|Any CPU.Build.0 = Release|Any CPU
		{9867B45D-E2E0-4445-8CC1-C945B3C3CE5F}.Release|ARM.ActiveCfg = Release|Any CPU
		{9867B45D-E2E0-4445-8CC1-C945B3C3CE5F}.Release|ARM.Build.0 = Release|Any CPU
		{9867B45D-E2E0-4445-8CC1-C945B3C3CE5F}.Release|x64.ActiveCfg = Release|Any CPU
		{9867B45D-E2E0-4445-8CC1-C945B3C3CE5F}.Release|x64.Build.0 = Release|Any CPU
		{9867B45D-E2E0-4445-8CC1-C945B3C3CE5F}.Release|x86.ActiveCfg = Release|Any CPU
		{9867B45D-E2E0-4445-8CC1-C945B3C3CE5F}.Release|x86.Build.0 = Release|Any CPU
		{2CF546BE-3DF6-44D2-BF11-F1B56802DA70}.Debug|Any CPU.ActiveCfg = Debug|Any CPU
		{2CF546BE-3DF6-44D2-BF11-F1B56802DA70}.Debug|Any CPU.Build.0 = Debug|Any CPU
		{2CF546BE-3DF6-44D2-BF11-F1B56802DA70}.Debug|ARM.ActiveCfg = Debug|Any CPU
		{2CF546BE-3DF6-44D2-BF11-F1B56802DA70}.Debug|ARM.Build.0 = Debug|Any CPU
		{2CF546BE-3DF6-44D2-BF11-F1B56802DA70}.Debug|x64.ActiveCfg = Debug|Any CPU
		{2CF546BE-3DF6-44D2-BF11-F1B56802DA70}.Debug|x64.Build.0 = Debug|Any CPU
		{2CF546BE-3DF6-44D2-BF11-F1B56802DA70}.Debug|x86.ActiveCfg = Debug|Any CPU
		{2CF546BE-3DF6-44D2-BF11-F1B56802DA70}.Debug|x86.Build.0 = Debug|Any CPU
		{2CF546BE-3DF6-44D2-BF11-F1B56802DA70}.Release|Any CPU.ActiveCfg = Release|Any CPU
		{2CF546BE-3DF6-44D2-BF11-F1B56802DA70}.Release|Any CPU.Build.0 = Release|Any CPU
		{2CF546BE-3DF6-44D2-BF11-F1B56802DA70}.Release|ARM.ActiveCfg = Release|Any CPU
		{2CF546BE-3DF6-44D2-BF11-F1B56802DA70}.Release|ARM.Build.0 = Release|Any CPU
		{2CF546BE-3DF6-44D2-BF11-F1B56802DA70}.Release|x64.ActiveCfg = Release|Any CPU
		{2CF546BE-3DF6-44D2-BF11-F1B56802DA70}.Release|x64.Build.0 = Release|Any CPU
		{2CF546BE-3DF6-44D2-BF11-F1B56802DA70}.Release|x86.ActiveCfg = Release|Any CPU
		{2CF546BE-3DF6-44D2-BF11-F1B56802DA70}.Release|x86.Build.0 = Release|Any CPU
		{E6E0C9B7-ACC0-4963-A74D-C67C3E5E18AF}.Debug|Any CPU.ActiveCfg = Debug|Any CPU
		{E6E0C9B7-ACC0-4963-A74D-C67C3E5E18AF}.Debug|Any CPU.Build.0 = Debug|Any CPU
		{E6E0C9B7-ACC0-4963-A74D-C67C3E5E18AF}.Debug|ARM.ActiveCfg = Debug|Any CPU
		{E6E0C9B7-ACC0-4963-A74D-C67C3E5E18AF}.Debug|ARM.Build.0 = Debug|Any CPU
		{E6E0C9B7-ACC0-4963-A74D-C67C3E5E18AF}.Debug|x64.ActiveCfg = Debug|Any CPU
		{E6E0C9B7-ACC0-4963-A74D-C67C3E5E18AF}.Debug|x64.Build.0 = Debug|Any CPU
		{E6E0C9B7-ACC0-4963-A74D-C67C3E5E18AF}.Debug|x86.ActiveCfg = Debug|Any CPU
		{E6E0C9B7-ACC0-4963-A74D-C67C3E5E18AF}.Debug|x86.Build.0 = Debug|Any CPU
		{E6E0C9B7-ACC0-4963-A74D-C67C3E5E18AF}.Release|Any CPU.ActiveCfg = Release|Any CPU
		{E6E0C9B7-ACC0-4963-A74D-C67C3E5E18AF}.Release|Any CPU.Build.0 = Release|Any CPU
		{E6E0C9B7-ACC0-4963-A74D-C67C3E5E18AF}.Release|ARM.ActiveCfg = Release|Any CPU
		{E6E0C9B7-ACC0-4963-A74D-C67C3E5E18AF}.Release|ARM.Build.0 = Release|Any CPU
		{E6E0C9B7-ACC0-4963-A74D-C67C3E5E18AF}.Release|x64.ActiveCfg = Release|Any CPU
		{E6E0C9B7-ACC0-4963-A74D-C67C3E5E18AF}.Release|x64.Build.0 = Release|Any CPU
		{E6E0C9B7-ACC0-4963-A74D-C67C3E5E18AF}.Release|x86.ActiveCfg = Release|Any CPU
		{E6E0C9B7-ACC0-4963-A74D-C67C3E5E18AF}.Release|x86.Build.0 = Release|Any CPU
		{808FECD3-91B3-4A54-AEA1-21A5655C9249}.Debug|Any CPU.ActiveCfg = Debug|Any CPU
		{808FECD3-91B3-4A54-AEA1-21A5655C9249}.Debug|Any CPU.Build.0 = Debug|Any CPU
		{808FECD3-91B3-4A54-AEA1-21A5655C9249}.Debug|ARM.ActiveCfg = Debug|Any CPU
		{808FECD3-91B3-4A54-AEA1-21A5655C9249}.Debug|ARM.Build.0 = Debug|Any CPU
		{808FECD3-91B3-4A54-AEA1-21A5655C9249}.Debug|x64.ActiveCfg = Debug|Any CPU
		{808FECD3-91B3-4A54-AEA1-21A5655C9249}.Debug|x64.Build.0 = Debug|Any CPU
		{808FECD3-91B3-4A54-AEA1-21A5655C9249}.Debug|x86.ActiveCfg = Debug|Any CPU
		{808FECD3-91B3-4A54-AEA1-21A5655C9249}.Debug|x86.Build.0 = Debug|Any CPU
		{808FECD3-91B3-4A54-AEA1-21A5655C9249}.Release|Any CPU.ActiveCfg = Release|Any CPU
		{808FECD3-91B3-4A54-AEA1-21A5655C9249}.Release|Any CPU.Build.0 = Release|Any CPU
		{808FECD3-91B3-4A54-AEA1-21A5655C9249}.Release|ARM.ActiveCfg = Release|Any CPU
		{808FECD3-91B3-4A54-AEA1-21A5655C9249}.Release|ARM.Build.0 = Release|Any CPU
		{808FECD3-91B3-4A54-AEA1-21A5655C9249}.Release|x64.ActiveCfg = Release|Any CPU
		{808FECD3-91B3-4A54-AEA1-21A5655C9249}.Release|x64.Build.0 = Release|Any CPU
		{808FECD3-91B3-4A54-AEA1-21A5655C9249}.Release|x86.ActiveCfg = Release|Any CPU
		{808FECD3-91B3-4A54-AEA1-21A5655C9249}.Release|x86.Build.0 = Release|Any CPU
		{C102CAEE-32CB-4CE9-B2C4-320274811197}.Debug|Any CPU.ActiveCfg = Debug|Any CPU
		{C102CAEE-32CB-4CE9-B2C4-320274811197}.Debug|Any CPU.Build.0 = Debug|Any CPU
		{C102CAEE-32CB-4CE9-B2C4-320274811197}.Debug|ARM.ActiveCfg = Debug|Any CPU
		{C102CAEE-32CB-4CE9-B2C4-320274811197}.Debug|ARM.Build.0 = Debug|Any CPU
		{C102CAEE-32CB-4CE9-B2C4-320274811197}.Debug|x64.ActiveCfg = Debug|Any CPU
		{C102CAEE-32CB-4CE9-B2C4-320274811197}.Debug|x64.Build.0 = Debug|Any CPU
		{C102CAEE-32CB-4CE9-B2C4-320274811197}.Debug|x86.ActiveCfg = Debug|Any CPU
		{C102CAEE-32CB-4CE9-B2C4-320274811197}.Debug|x86.Build.0 = Debug|Any CPU
		{C102CAEE-32CB-4CE9-B2C4-320274811197}.Release|Any CPU.ActiveCfg = Release|Any CPU
		{C102CAEE-32CB-4CE9-B2C4-320274811197}.Release|Any CPU.Build.0 = Release|Any CPU
		{C102CAEE-32CB-4CE9-B2C4-320274811197}.Release|ARM.ActiveCfg = Release|Any CPU
		{C102CAEE-32CB-4CE9-B2C4-320274811197}.Release|ARM.Build.0 = Release|Any CPU
		{C102CAEE-32CB-4CE9-B2C4-320274811197}.Release|x64.ActiveCfg = Release|Any CPU
		{C102CAEE-32CB-4CE9-B2C4-320274811197}.Release|x64.Build.0 = Release|Any CPU
		{C102CAEE-32CB-4CE9-B2C4-320274811197}.Release|x86.ActiveCfg = Release|Any CPU
		{C102CAEE-32CB-4CE9-B2C4-320274811197}.Release|x86.Build.0 = Release|Any CPU
		{7CE788B1-9FDB-4B60-87DB-634D98FA6F45}.Debug|Any CPU.ActiveCfg = Debug|Any CPU
		{7CE788B1-9FDB-4B60-87DB-634D98FA6F45}.Debug|Any CPU.Build.0 = Debug|Any CPU
		{7CE788B1-9FDB-4B60-87DB-634D98FA6F45}.Debug|ARM.ActiveCfg = Debug|Any CPU
		{7CE788B1-9FDB-4B60-87DB-634D98FA6F45}.Debug|ARM.Build.0 = Debug|Any CPU
		{7CE788B1-9FDB-4B60-87DB-634D98FA6F45}.Debug|x64.ActiveCfg = Debug|Any CPU
		{7CE788B1-9FDB-4B60-87DB-634D98FA6F45}.Debug|x64.Build.0 = Debug|Any CPU
		{7CE788B1-9FDB-4B60-87DB-634D98FA6F45}.Debug|x86.ActiveCfg = Debug|Any CPU
		{7CE788B1-9FDB-4B60-87DB-634D98FA6F45}.Debug|x86.Build.0 = Debug|Any CPU
		{7CE788B1-9FDB-4B60-87DB-634D98FA6F45}.Release|Any CPU.ActiveCfg = Release|Any CPU
		{7CE788B1-9FDB-4B60-87DB-634D98FA6F45}.Release|Any CPU.Build.0 = Release|Any CPU
		{7CE788B1-9FDB-4B60-87DB-634D98FA6F45}.Release|ARM.ActiveCfg = Release|Any CPU
		{7CE788B1-9FDB-4B60-87DB-634D98FA6F45}.Release|ARM.Build.0 = Release|Any CPU
		{7CE788B1-9FDB-4B60-87DB-634D98FA6F45}.Release|x64.ActiveCfg = Release|Any CPU
		{7CE788B1-9FDB-4B60-87DB-634D98FA6F45}.Release|x64.Build.0 = Release|Any CPU
		{7CE788B1-9FDB-4B60-87DB-634D98FA6F45}.Release|x86.ActiveCfg = Release|Any CPU
		{7CE788B1-9FDB-4B60-87DB-634D98FA6F45}.Release|x86.Build.0 = Release|Any CPU
		{F9B1CFF0-FD23-44DA-B886-443015889A2D}.Debug|Any CPU.ActiveCfg = Debug|Any CPU
		{F9B1CFF0-FD23-44DA-B886-443015889A2D}.Debug|Any CPU.Build.0 = Debug|Any CPU
		{F9B1CFF0-FD23-44DA-B886-443015889A2D}.Debug|ARM.ActiveCfg = Debug|Any CPU
		{F9B1CFF0-FD23-44DA-B886-443015889A2D}.Debug|ARM.Build.0 = Debug|Any CPU
		{F9B1CFF0-FD23-44DA-B886-443015889A2D}.Debug|x64.ActiveCfg = Debug|Any CPU
		{F9B1CFF0-FD23-44DA-B886-443015889A2D}.Debug|x64.Build.0 = Debug|Any CPU
		{F9B1CFF0-FD23-44DA-B886-443015889A2D}.Debug|x86.ActiveCfg = Debug|Any CPU
		{F9B1CFF0-FD23-44DA-B886-443015889A2D}.Debug|x86.Build.0 = Debug|Any CPU
		{F9B1CFF0-FD23-44DA-B886-443015889A2D}.Release|Any CPU.ActiveCfg = Release|Any CPU
		{F9B1CFF0-FD23-44DA-B886-443015889A2D}.Release|Any CPU.Build.0 = Release|Any CPU
		{F9B1CFF0-FD23-44DA-B886-443015889A2D}.Release|ARM.ActiveCfg = Release|Any CPU
		{F9B1CFF0-FD23-44DA-B886-443015889A2D}.Release|ARM.Build.0 = Release|Any CPU
		{F9B1CFF0-FD23-44DA-B886-443015889A2D}.Release|x64.ActiveCfg = Release|Any CPU
		{F9B1CFF0-FD23-44DA-B886-443015889A2D}.Release|x64.Build.0 = Release|Any CPU
		{F9B1CFF0-FD23-44DA-B886-443015889A2D}.Release|x86.ActiveCfg = Release|Any CPU
		{F9B1CFF0-FD23-44DA-B886-443015889A2D}.Release|x86.Build.0 = Release|Any CPU
		{7B2467AB-A5B7-4516-A2E4-36A09EE2A55D}.Debug|Any CPU.ActiveCfg = Debug|Any CPU
		{7B2467AB-A5B7-4516-A2E4-36A09EE2A55D}.Debug|Any CPU.Build.0 = Debug|Any CPU
		{7B2467AB-A5B7-4516-A2E4-36A09EE2A55D}.Debug|ARM.ActiveCfg = Debug|Any CPU
		{7B2467AB-A5B7-4516-A2E4-36A09EE2A55D}.Debug|ARM.Build.0 = Debug|Any CPU
		{7B2467AB-A5B7-4516-A2E4-36A09EE2A55D}.Debug|x64.ActiveCfg = Debug|Any CPU
		{7B2467AB-A5B7-4516-A2E4-36A09EE2A55D}.Debug|x64.Build.0 = Debug|Any CPU
		{7B2467AB-A5B7-4516-A2E4-36A09EE2A55D}.Debug|x86.ActiveCfg = Debug|Any CPU
		{7B2467AB-A5B7-4516-A2E4-36A09EE2A55D}.Debug|x86.Build.0 = Debug|Any CPU
		{7B2467AB-A5B7-4516-A2E4-36A09EE2A55D}.Release|Any CPU.ActiveCfg = Release|Any CPU
		{7B2467AB-A5B7-4516-A2E4-36A09EE2A55D}.Release|Any CPU.Build.0 = Release|Any CPU
		{7B2467AB-A5B7-4516-A2E4-36A09EE2A55D}.Release|ARM.ActiveCfg = Release|Any CPU
		{7B2467AB-A5B7-4516-A2E4-36A09EE2A55D}.Release|ARM.Build.0 = Release|Any CPU
		{7B2467AB-A5B7-4516-A2E4-36A09EE2A55D}.Release|x64.ActiveCfg = Release|Any CPU
		{7B2467AB-A5B7-4516-A2E4-36A09EE2A55D}.Release|x64.Build.0 = Release|Any CPU
		{7B2467AB-A5B7-4516-A2E4-36A09EE2A55D}.Release|x86.ActiveCfg = Release|Any CPU
		{7B2467AB-A5B7-4516-A2E4-36A09EE2A55D}.Release|x86.Build.0 = Release|Any CPU
		{E00546B3-6D43-4BDF-91BB-FAEA67C79FF4}.Debug|Any CPU.ActiveCfg = Debug|Any CPU
		{E00546B3-6D43-4BDF-91BB-FAEA67C79FF4}.Debug|Any CPU.Build.0 = Debug|Any CPU
		{E00546B3-6D43-4BDF-91BB-FAEA67C79FF4}.Debug|ARM.ActiveCfg = Debug|Any CPU
		{E00546B3-6D43-4BDF-91BB-FAEA67C79FF4}.Debug|ARM.Build.0 = Debug|Any CPU
		{E00546B3-6D43-4BDF-91BB-FAEA67C79FF4}.Debug|x64.ActiveCfg = Debug|Any CPU
		{E00546B3-6D43-4BDF-91BB-FAEA67C79FF4}.Debug|x64.Build.0 = Debug|Any CPU
		{E00546B3-6D43-4BDF-91BB-FAEA67C79FF4}.Debug|x86.ActiveCfg = Debug|Any CPU
		{E00546B3-6D43-4BDF-91BB-FAEA67C79FF4}.Debug|x86.Build.0 = Debug|Any CPU
		{E00546B3-6D43-4BDF-91BB-FAEA67C79FF4}.Release|Any CPU.ActiveCfg = Release|Any CPU
		{E00546B3-6D43-4BDF-91BB-FAEA67C79FF4}.Release|Any CPU.Build.0 = Release|Any CPU
		{E00546B3-6D43-4BDF-91BB-FAEA67C79FF4}.Release|ARM.ActiveCfg = Release|Any CPU
		{E00546B3-6D43-4BDF-91BB-FAEA67C79FF4}.Release|ARM.Build.0 = Release|Any CPU
		{E00546B3-6D43-4BDF-91BB-FAEA67C79FF4}.Release|x64.ActiveCfg = Release|Any CPU
		{E00546B3-6D43-4BDF-91BB-FAEA67C79FF4}.Release|x64.Build.0 = Release|Any CPU
		{E00546B3-6D43-4BDF-91BB-FAEA67C79FF4}.Release|x86.ActiveCfg = Release|Any CPU
		{E00546B3-6D43-4BDF-91BB-FAEA67C79FF4}.Release|x86.Build.0 = Release|Any CPU
		{17AAF849-79C6-4FC9-A771-3EE83A2E94BB}.Debug|Any CPU.ActiveCfg = Debug|Any CPU
		{17AAF849-79C6-4FC9-A771-3EE83A2E94BB}.Debug|Any CPU.Build.0 = Debug|Any CPU
		{17AAF849-79C6-4FC9-A771-3EE83A2E94BB}.Debug|ARM.ActiveCfg = Debug|Any CPU
		{17AAF849-79C6-4FC9-A771-3EE83A2E94BB}.Debug|ARM.Build.0 = Debug|Any CPU
		{17AAF849-79C6-4FC9-A771-3EE83A2E94BB}.Debug|x64.ActiveCfg = Debug|Any CPU
		{17AAF849-79C6-4FC9-A771-3EE83A2E94BB}.Debug|x64.Build.0 = Debug|Any CPU
		{17AAF849-79C6-4FC9-A771-3EE83A2E94BB}.Debug|x86.ActiveCfg = Debug|Any CPU
		{17AAF849-79C6-4FC9-A771-3EE83A2E94BB}.Debug|x86.Build.0 = Debug|Any CPU
		{17AAF849-79C6-4FC9-A771-3EE83A2E94BB}.Release|Any CPU.ActiveCfg = Release|Any CPU
		{17AAF849-79C6-4FC9-A771-3EE83A2E94BB}.Release|Any CPU.Build.0 = Release|Any CPU
		{17AAF849-79C6-4FC9-A771-3EE83A2E94BB}.Release|ARM.ActiveCfg = Release|Any CPU
		{17AAF849-79C6-4FC9-A771-3EE83A2E94BB}.Release|ARM.Build.0 = Release|Any CPU
		{17AAF849-79C6-4FC9-A771-3EE83A2E94BB}.Release|x64.ActiveCfg = Release|Any CPU
		{17AAF849-79C6-4FC9-A771-3EE83A2E94BB}.Release|x64.Build.0 = Release|Any CPU
		{17AAF849-79C6-4FC9-A771-3EE83A2E94BB}.Release|x86.ActiveCfg = Release|Any CPU
		{17AAF849-79C6-4FC9-A771-3EE83A2E94BB}.Release|x86.Build.0 = Release|Any CPU
		{D9F7EDE5-D855-4951-B0D8-4421597A90F1}.Debug|Any CPU.ActiveCfg = Debug|Any CPU
		{D9F7EDE5-D855-4951-B0D8-4421597A90F1}.Debug|Any CPU.Build.0 = Debug|Any CPU
		{D9F7EDE5-D855-4951-B0D8-4421597A90F1}.Debug|ARM.ActiveCfg = Debug|Any CPU
		{D9F7EDE5-D855-4951-B0D8-4421597A90F1}.Debug|ARM.Build.0 = Debug|Any CPU
		{D9F7EDE5-D855-4951-B0D8-4421597A90F1}.Debug|x64.ActiveCfg = Debug|Any CPU
		{D9F7EDE5-D855-4951-B0D8-4421597A90F1}.Debug|x64.Build.0 = Debug|Any CPU
		{D9F7EDE5-D855-4951-B0D8-4421597A90F1}.Debug|x86.ActiveCfg = Debug|Any CPU
		{D9F7EDE5-D855-4951-B0D8-4421597A90F1}.Debug|x86.Build.0 = Debug|Any CPU
		{D9F7EDE5-D855-4951-B0D8-4421597A90F1}.Release|Any CPU.ActiveCfg = Release|Any CPU
		{D9F7EDE5-D855-4951-B0D8-4421597A90F1}.Release|Any CPU.Build.0 = Release|Any CPU
		{D9F7EDE5-D855-4951-B0D8-4421597A90F1}.Release|ARM.ActiveCfg = Release|Any CPU
		{D9F7EDE5-D855-4951-B0D8-4421597A90F1}.Release|ARM.Build.0 = Release|Any CPU
		{D9F7EDE5-D855-4951-B0D8-4421597A90F1}.Release|x64.ActiveCfg = Release|Any CPU
		{D9F7EDE5-D855-4951-B0D8-4421597A90F1}.Release|x64.Build.0 = Release|Any CPU
		{D9F7EDE5-D855-4951-B0D8-4421597A90F1}.Release|x86.ActiveCfg = Release|Any CPU
		{D9F7EDE5-D855-4951-B0D8-4421597A90F1}.Release|x86.Build.0 = Release|Any CPU
		{382CF559-6D20-465A-B8EF-B10852F40FF3}.Debug|Any CPU.ActiveCfg = Debug|Any CPU
		{382CF559-6D20-465A-B8EF-B10852F40FF3}.Debug|Any CPU.Build.0 = Debug|Any CPU
		{382CF559-6D20-465A-B8EF-B10852F40FF3}.Debug|ARM.ActiveCfg = Debug|Any CPU
		{382CF559-6D20-465A-B8EF-B10852F40FF3}.Debug|ARM.Build.0 = Debug|Any CPU
		{382CF559-6D20-465A-B8EF-B10852F40FF3}.Debug|x64.ActiveCfg = Debug|Any CPU
		{382CF559-6D20-465A-B8EF-B10852F40FF3}.Debug|x64.Build.0 = Debug|Any CPU
		{382CF559-6D20-465A-B8EF-B10852F40FF3}.Debug|x86.ActiveCfg = Debug|Any CPU
		{382CF559-6D20-465A-B8EF-B10852F40FF3}.Debug|x86.Build.0 = Debug|Any CPU
		{382CF559-6D20-465A-B8EF-B10852F40FF3}.Release|Any CPU.ActiveCfg = Release|Any CPU
		{382CF559-6D20-465A-B8EF-B10852F40FF3}.Release|Any CPU.Build.0 = Release|Any CPU
		{382CF559-6D20-465A-B8EF-B10852F40FF3}.Release|ARM.ActiveCfg = Release|Any CPU
		{382CF559-6D20-465A-B8EF-B10852F40FF3}.Release|ARM.Build.0 = Release|Any CPU
		{382CF559-6D20-465A-B8EF-B10852F40FF3}.Release|x64.ActiveCfg = Release|Any CPU
		{382CF559-6D20-465A-B8EF-B10852F40FF3}.Release|x64.Build.0 = Release|Any CPU
		{382CF559-6D20-465A-B8EF-B10852F40FF3}.Release|x86.ActiveCfg = Release|Any CPU
		{382CF559-6D20-465A-B8EF-B10852F40FF3}.Release|x86.Build.0 = Release|Any CPU
		{3DF613C0-BC47-49F4-94B3-CA7265FCA325}.Debug|Any CPU.ActiveCfg = Debug|Any CPU
		{3DF613C0-BC47-49F4-94B3-CA7265FCA325}.Debug|Any CPU.Build.0 = Debug|Any CPU
		{3DF613C0-BC47-49F4-94B3-CA7265FCA325}.Debug|ARM.ActiveCfg = Debug|Any CPU
		{3DF613C0-BC47-49F4-94B3-CA7265FCA325}.Debug|ARM.Build.0 = Debug|Any CPU
		{3DF613C0-BC47-49F4-94B3-CA7265FCA325}.Debug|x64.ActiveCfg = Debug|Any CPU
		{3DF613C0-BC47-49F4-94B3-CA7265FCA325}.Debug|x64.Build.0 = Debug|Any CPU
		{3DF613C0-BC47-49F4-94B3-CA7265FCA325}.Debug|x86.ActiveCfg = Debug|Any CPU
		{3DF613C0-BC47-49F4-94B3-CA7265FCA325}.Debug|x86.Build.0 = Debug|Any CPU
		{3DF613C0-BC47-49F4-94B3-CA7265FCA325}.Release|Any CPU.ActiveCfg = Release|Any CPU
		{3DF613C0-BC47-49F4-94B3-CA7265FCA325}.Release|Any CPU.Build.0 = Release|Any CPU
		{3DF613C0-BC47-49F4-94B3-CA7265FCA325}.Release|ARM.ActiveCfg = Release|Any CPU
		{3DF613C0-BC47-49F4-94B3-CA7265FCA325}.Release|ARM.Build.0 = Release|Any CPU
		{3DF613C0-BC47-49F4-94B3-CA7265FCA325}.Release|x64.ActiveCfg = Release|Any CPU
		{3DF613C0-BC47-49F4-94B3-CA7265FCA325}.Release|x64.Build.0 = Release|Any CPU
		{3DF613C0-BC47-49F4-94B3-CA7265FCA325}.Release|x86.ActiveCfg = Release|Any CPU
		{3DF613C0-BC47-49F4-94B3-CA7265FCA325}.Release|x86.Build.0 = Release|Any CPU
		{3D165C3C-1979-47CB-9CFE-1D8018AB7544}.Debug|Any CPU.ActiveCfg = Debug|Any CPU
		{3D165C3C-1979-47CB-9CFE-1D8018AB7544}.Debug|Any CPU.Build.0 = Debug|Any CPU
		{3D165C3C-1979-47CB-9CFE-1D8018AB7544}.Debug|ARM.ActiveCfg = Debug|Any CPU
		{3D165C3C-1979-47CB-9CFE-1D8018AB7544}.Debug|ARM.Build.0 = Debug|Any CPU
		{3D165C3C-1979-47CB-9CFE-1D8018AB7544}.Debug|x64.ActiveCfg = Debug|Any CPU
		{3D165C3C-1979-47CB-9CFE-1D8018AB7544}.Debug|x64.Build.0 = Debug|Any CPU
		{3D165C3C-1979-47CB-9CFE-1D8018AB7544}.Debug|x86.ActiveCfg = Debug|Any CPU
		{3D165C3C-1979-47CB-9CFE-1D8018AB7544}.Debug|x86.Build.0 = Debug|Any CPU
		{3D165C3C-1979-47CB-9CFE-1D8018AB7544}.Release|Any CPU.ActiveCfg = Release|Any CPU
		{3D165C3C-1979-47CB-9CFE-1D8018AB7544}.Release|Any CPU.Build.0 = Release|Any CPU
		{3D165C3C-1979-47CB-9CFE-1D8018AB7544}.Release|ARM.ActiveCfg = Release|Any CPU
		{3D165C3C-1979-47CB-9CFE-1D8018AB7544}.Release|ARM.Build.0 = Release|Any CPU
		{3D165C3C-1979-47CB-9CFE-1D8018AB7544}.Release|x64.ActiveCfg = Release|Any CPU
		{3D165C3C-1979-47CB-9CFE-1D8018AB7544}.Release|x64.Build.0 = Release|Any CPU
		{3D165C3C-1979-47CB-9CFE-1D8018AB7544}.Release|x86.ActiveCfg = Release|Any CPU
		{3D165C3C-1979-47CB-9CFE-1D8018AB7544}.Release|x86.Build.0 = Release|Any CPU
		{C452E2F3-7634-431D-B4E4-16A1BE7F0CC0}.Debug|Any CPU.ActiveCfg = Debug|Any CPU
		{C452E2F3-7634-431D-B4E4-16A1BE7F0CC0}.Debug|Any CPU.Build.0 = Debug|Any CPU
		{C452E2F3-7634-431D-B4E4-16A1BE7F0CC0}.Debug|ARM.ActiveCfg = Debug|Any CPU
		{C452E2F3-7634-431D-B4E4-16A1BE7F0CC0}.Debug|ARM.Build.0 = Debug|Any CPU
		{C452E2F3-7634-431D-B4E4-16A1BE7F0CC0}.Debug|x64.ActiveCfg = Debug|Any CPU
		{C452E2F3-7634-431D-B4E4-16A1BE7F0CC0}.Debug|x64.Build.0 = Debug|Any CPU
		{C452E2F3-7634-431D-B4E4-16A1BE7F0CC0}.Debug|x86.ActiveCfg = Debug|Any CPU
		{C452E2F3-7634-431D-B4E4-16A1BE7F0CC0}.Debug|x86.Build.0 = Debug|Any CPU
		{C452E2F3-7634-431D-B4E4-16A1BE7F0CC0}.Release|Any CPU.ActiveCfg = Release|Any CPU
		{C452E2F3-7634-431D-B4E4-16A1BE7F0CC0}.Release|Any CPU.Build.0 = Release|Any CPU
		{C452E2F3-7634-431D-B4E4-16A1BE7F0CC0}.Release|ARM.ActiveCfg = Release|Any CPU
		{C452E2F3-7634-431D-B4E4-16A1BE7F0CC0}.Release|ARM.Build.0 = Release|Any CPU
		{C452E2F3-7634-431D-B4E4-16A1BE7F0CC0}.Release|x64.ActiveCfg = Release|Any CPU
		{C452E2F3-7634-431D-B4E4-16A1BE7F0CC0}.Release|x64.Build.0 = Release|Any CPU
		{C452E2F3-7634-431D-B4E4-16A1BE7F0CC0}.Release|x86.ActiveCfg = Release|Any CPU
		{C452E2F3-7634-431D-B4E4-16A1BE7F0CC0}.Release|x86.Build.0 = Release|Any CPU
		{71462045-8B18-4C77-81EF-03586C31EFC3}.Debug|Any CPU.ActiveCfg = Debug|Any CPU
		{71462045-8B18-4C77-81EF-03586C31EFC3}.Debug|Any CPU.Build.0 = Debug|Any CPU
		{71462045-8B18-4C77-81EF-03586C31EFC3}.Debug|ARM.ActiveCfg = Debug|Any CPU
		{71462045-8B18-4C77-81EF-03586C31EFC3}.Debug|ARM.Build.0 = Debug|Any CPU
		{71462045-8B18-4C77-81EF-03586C31EFC3}.Debug|x64.ActiveCfg = Debug|Any CPU
		{71462045-8B18-4C77-81EF-03586C31EFC3}.Debug|x64.Build.0 = Debug|Any CPU
		{71462045-8B18-4C77-81EF-03586C31EFC3}.Debug|x86.ActiveCfg = Debug|Any CPU
		{71462045-8B18-4C77-81EF-03586C31EFC3}.Debug|x86.Build.0 = Debug|Any CPU
		{71462045-8B18-4C77-81EF-03586C31EFC3}.Release|Any CPU.ActiveCfg = Release|Any CPU
		{71462045-8B18-4C77-81EF-03586C31EFC3}.Release|Any CPU.Build.0 = Release|Any CPU
		{71462045-8B18-4C77-81EF-03586C31EFC3}.Release|ARM.ActiveCfg = Release|Any CPU
		{71462045-8B18-4C77-81EF-03586C31EFC3}.Release|ARM.Build.0 = Release|Any CPU
		{71462045-8B18-4C77-81EF-03586C31EFC3}.Release|x64.ActiveCfg = Release|Any CPU
		{71462045-8B18-4C77-81EF-03586C31EFC3}.Release|x64.Build.0 = Release|Any CPU
		{71462045-8B18-4C77-81EF-03586C31EFC3}.Release|x86.ActiveCfg = Release|Any CPU
		{71462045-8B18-4C77-81EF-03586C31EFC3}.Release|x86.Build.0 = Release|Any CPU
		{9EC4B580-1488-4EC3-B848-8698CD55A572}.Debug|Any CPU.ActiveCfg = Debug|Any CPU
		{9EC4B580-1488-4EC3-B848-8698CD55A572}.Debug|Any CPU.Build.0 = Debug|Any CPU
		{9EC4B580-1488-4EC3-B848-8698CD55A572}.Debug|ARM.ActiveCfg = Debug|Any CPU
		{9EC4B580-1488-4EC3-B848-8698CD55A572}.Debug|ARM.Build.0 = Debug|Any CPU
		{9EC4B580-1488-4EC3-B848-8698CD55A572}.Debug|x64.ActiveCfg = Debug|Any CPU
		{9EC4B580-1488-4EC3-B848-8698CD55A572}.Debug|x64.Build.0 = Debug|Any CPU
		{9EC4B580-1488-4EC3-B848-8698CD55A572}.Debug|x86.ActiveCfg = Debug|Any CPU
		{9EC4B580-1488-4EC3-B848-8698CD55A572}.Debug|x86.Build.0 = Debug|Any CPU
		{9EC4B580-1488-4EC3-B848-8698CD55A572}.Release|Any CPU.ActiveCfg = Release|Any CPU
		{9EC4B580-1488-4EC3-B848-8698CD55A572}.Release|Any CPU.Build.0 = Release|Any CPU
		{9EC4B580-1488-4EC3-B848-8698CD55A572}.Release|ARM.ActiveCfg = Release|Any CPU
		{9EC4B580-1488-4EC3-B848-8698CD55A572}.Release|ARM.Build.0 = Release|Any CPU
		{9EC4B580-1488-4EC3-B848-8698CD55A572}.Release|x64.ActiveCfg = Release|Any CPU
		{9EC4B580-1488-4EC3-B848-8698CD55A572}.Release|x64.Build.0 = Release|Any CPU
		{9EC4B580-1488-4EC3-B848-8698CD55A572}.Release|x86.ActiveCfg = Release|Any CPU
		{9EC4B580-1488-4EC3-B848-8698CD55A572}.Release|x86.Build.0 = Release|Any CPU
		{B13ADBE4-4997-4082-8E47-6939F404C72B}.Debug|Any CPU.ActiveCfg = Debug|Any CPU
		{B13ADBE4-4997-4082-8E47-6939F404C72B}.Debug|Any CPU.Build.0 = Debug|Any CPU
		{B13ADBE4-4997-4082-8E47-6939F404C72B}.Debug|ARM.ActiveCfg = Debug|Any CPU
		{B13ADBE4-4997-4082-8E47-6939F404C72B}.Debug|ARM.Build.0 = Debug|Any CPU
		{B13ADBE4-4997-4082-8E47-6939F404C72B}.Debug|x64.ActiveCfg = Debug|Any CPU
		{B13ADBE4-4997-4082-8E47-6939F404C72B}.Debug|x64.Build.0 = Debug|Any CPU
		{B13ADBE4-4997-4082-8E47-6939F404C72B}.Debug|x86.ActiveCfg = Debug|Any CPU
		{B13ADBE4-4997-4082-8E47-6939F404C72B}.Debug|x86.Build.0 = Debug|Any CPU
		{B13ADBE4-4997-4082-8E47-6939F404C72B}.Release|Any CPU.ActiveCfg = Release|Any CPU
		{B13ADBE4-4997-4082-8E47-6939F404C72B}.Release|Any CPU.Build.0 = Release|Any CPU
		{B13ADBE4-4997-4082-8E47-6939F404C72B}.Release|ARM.ActiveCfg = Release|Any CPU
		{B13ADBE4-4997-4082-8E47-6939F404C72B}.Release|ARM.Build.0 = Release|Any CPU
		{B13ADBE4-4997-4082-8E47-6939F404C72B}.Release|x64.ActiveCfg = Release|Any CPU
		{B13ADBE4-4997-4082-8E47-6939F404C72B}.Release|x64.Build.0 = Release|Any CPU
		{B13ADBE4-4997-4082-8E47-6939F404C72B}.Release|x86.ActiveCfg = Release|Any CPU
		{B13ADBE4-4997-4082-8E47-6939F404C72B}.Release|x86.Build.0 = Release|Any CPU
		{7454D45B-76C5-4B80-864F-44B263A9C3C3}.Debug|Any CPU.ActiveCfg = Debug|Any CPU
		{7454D45B-76C5-4B80-864F-44B263A9C3C3}.Debug|Any CPU.Build.0 = Debug|Any CPU
		{7454D45B-76C5-4B80-864F-44B263A9C3C3}.Debug|ARM.ActiveCfg = Debug|Any CPU
		{7454D45B-76C5-4B80-864F-44B263A9C3C3}.Debug|ARM.Build.0 = Debug|Any CPU
		{7454D45B-76C5-4B80-864F-44B263A9C3C3}.Debug|x64.ActiveCfg = Debug|Any CPU
		{7454D45B-76C5-4B80-864F-44B263A9C3C3}.Debug|x64.Build.0 = Debug|Any CPU
		{7454D45B-76C5-4B80-864F-44B263A9C3C3}.Debug|x86.ActiveCfg = Debug|Any CPU
		{7454D45B-76C5-4B80-864F-44B263A9C3C3}.Debug|x86.Build.0 = Debug|Any CPU
		{7454D45B-76C5-4B80-864F-44B263A9C3C3}.Release|Any CPU.ActiveCfg = Release|Any CPU
		{7454D45B-76C5-4B80-864F-44B263A9C3C3}.Release|Any CPU.Build.0 = Release|Any CPU
		{7454D45B-76C5-4B80-864F-44B263A9C3C3}.Release|ARM.ActiveCfg = Release|Any CPU
		{7454D45B-76C5-4B80-864F-44B263A9C3C3}.Release|ARM.Build.0 = Release|Any CPU
		{7454D45B-76C5-4B80-864F-44B263A9C3C3}.Release|x64.ActiveCfg = Release|Any CPU
		{7454D45B-76C5-4B80-864F-44B263A9C3C3}.Release|x64.Build.0 = Release|Any CPU
		{7454D45B-76C5-4B80-864F-44B263A9C3C3}.Release|x86.ActiveCfg = Release|Any CPU
		{7454D45B-76C5-4B80-864F-44B263A9C3C3}.Release|x86.Build.0 = Release|Any CPU
		{4727C5C9-3F4B-467E-8C7B-034093B57EA3}.Debug|Any CPU.ActiveCfg = Debug|Any CPU
		{4727C5C9-3F4B-467E-8C7B-034093B57EA3}.Debug|Any CPU.Build.0 = Debug|Any CPU
		{4727C5C9-3F4B-467E-8C7B-034093B57EA3}.Debug|ARM.ActiveCfg = Debug|Any CPU
		{4727C5C9-3F4B-467E-8C7B-034093B57EA3}.Debug|ARM.Build.0 = Debug|Any CPU
		{4727C5C9-3F4B-467E-8C7B-034093B57EA3}.Debug|x64.ActiveCfg = Debug|Any CPU
		{4727C5C9-3F4B-467E-8C7B-034093B57EA3}.Debug|x64.Build.0 = Debug|Any CPU
		{4727C5C9-3F4B-467E-8C7B-034093B57EA3}.Debug|x86.ActiveCfg = Debug|Any CPU
		{4727C5C9-3F4B-467E-8C7B-034093B57EA3}.Debug|x86.Build.0 = Debug|Any CPU
		{4727C5C9-3F4B-467E-8C7B-034093B57EA3}.Release|Any CPU.ActiveCfg = Release|Any CPU
		{4727C5C9-3F4B-467E-8C7B-034093B57EA3}.Release|Any CPU.Build.0 = Release|Any CPU
		{4727C5C9-3F4B-467E-8C7B-034093B57EA3}.Release|ARM.ActiveCfg = Release|Any CPU
		{4727C5C9-3F4B-467E-8C7B-034093B57EA3}.Release|ARM.Build.0 = Release|Any CPU
		{4727C5C9-3F4B-467E-8C7B-034093B57EA3}.Release|x64.ActiveCfg = Release|Any CPU
		{4727C5C9-3F4B-467E-8C7B-034093B57EA3}.Release|x64.Build.0 = Release|Any CPU
		{4727C5C9-3F4B-467E-8C7B-034093B57EA3}.Release|x86.ActiveCfg = Release|Any CPU
		{4727C5C9-3F4B-467E-8C7B-034093B57EA3}.Release|x86.Build.0 = Release|Any CPU
		{F8A1B4FE-53BA-47D1-AB59-EE50ED40FD0F}.Debug|Any CPU.ActiveCfg = Debug|Any CPU
		{F8A1B4FE-53BA-47D1-AB59-EE50ED40FD0F}.Debug|Any CPU.Build.0 = Debug|Any CPU
		{F8A1B4FE-53BA-47D1-AB59-EE50ED40FD0F}.Debug|ARM.ActiveCfg = Debug|Any CPU
		{F8A1B4FE-53BA-47D1-AB59-EE50ED40FD0F}.Debug|ARM.Build.0 = Debug|Any CPU
		{F8A1B4FE-53BA-47D1-AB59-EE50ED40FD0F}.Debug|x64.ActiveCfg = Debug|Any CPU
		{F8A1B4FE-53BA-47D1-AB59-EE50ED40FD0F}.Debug|x64.Build.0 = Debug|Any CPU
		{F8A1B4FE-53BA-47D1-AB59-EE50ED40FD0F}.Debug|x86.ActiveCfg = Debug|Any CPU
		{F8A1B4FE-53BA-47D1-AB59-EE50ED40FD0F}.Debug|x86.Build.0 = Debug|Any CPU
		{F8A1B4FE-53BA-47D1-AB59-EE50ED40FD0F}.Release|Any CPU.ActiveCfg = Release|Any CPU
		{F8A1B4FE-53BA-47D1-AB59-EE50ED40FD0F}.Release|Any CPU.Build.0 = Release|Any CPU
		{F8A1B4FE-53BA-47D1-AB59-EE50ED40FD0F}.Release|ARM.ActiveCfg = Release|Any CPU
		{F8A1B4FE-53BA-47D1-AB59-EE50ED40FD0F}.Release|ARM.Build.0 = Release|Any CPU
		{F8A1B4FE-53BA-47D1-AB59-EE50ED40FD0F}.Release|x64.ActiveCfg = Release|Any CPU
		{F8A1B4FE-53BA-47D1-AB59-EE50ED40FD0F}.Release|x64.Build.0 = Release|Any CPU
		{F8A1B4FE-53BA-47D1-AB59-EE50ED40FD0F}.Release|x86.ActiveCfg = Release|Any CPU
		{F8A1B4FE-53BA-47D1-AB59-EE50ED40FD0F}.Release|x86.Build.0 = Release|Any CPU
		{21D2F72E-EF79-45AA-8F34-318FF6B03831}.Debug|Any CPU.ActiveCfg = Debug|Any CPU
		{21D2F72E-EF79-45AA-8F34-318FF6B03831}.Debug|Any CPU.Build.0 = Debug|Any CPU
		{21D2F72E-EF79-45AA-8F34-318FF6B03831}.Debug|ARM.ActiveCfg = Debug|Any CPU
		{21D2F72E-EF79-45AA-8F34-318FF6B03831}.Debug|ARM.Build.0 = Debug|Any CPU
		{21D2F72E-EF79-45AA-8F34-318FF6B03831}.Debug|x64.ActiveCfg = Debug|Any CPU
		{21D2F72E-EF79-45AA-8F34-318FF6B03831}.Debug|x64.Build.0 = Debug|Any CPU
		{21D2F72E-EF79-45AA-8F34-318FF6B03831}.Debug|x86.ActiveCfg = Debug|Any CPU
		{21D2F72E-EF79-45AA-8F34-318FF6B03831}.Debug|x86.Build.0 = Debug|Any CPU
		{21D2F72E-EF79-45AA-8F34-318FF6B03831}.Release|Any CPU.ActiveCfg = Release|Any CPU
		{21D2F72E-EF79-45AA-8F34-318FF6B03831}.Release|Any CPU.Build.0 = Release|Any CPU
		{21D2F72E-EF79-45AA-8F34-318FF6B03831}.Release|ARM.ActiveCfg = Release|Any CPU
		{21D2F72E-EF79-45AA-8F34-318FF6B03831}.Release|ARM.Build.0 = Release|Any CPU
		{21D2F72E-EF79-45AA-8F34-318FF6B03831}.Release|x64.ActiveCfg = Release|Any CPU
		{21D2F72E-EF79-45AA-8F34-318FF6B03831}.Release|x64.Build.0 = Release|Any CPU
		{21D2F72E-EF79-45AA-8F34-318FF6B03831}.Release|x86.ActiveCfg = Release|Any CPU
		{21D2F72E-EF79-45AA-8F34-318FF6B03831}.Release|x86.Build.0 = Release|Any CPU
		{F4AB16DA-C20B-4063-9C1B-4F0CABAF762A}.Debug|Any CPU.ActiveCfg = Debug|Any CPU
		{F4AB16DA-C20B-4063-9C1B-4F0CABAF762A}.Debug|Any CPU.Build.0 = Debug|Any CPU
		{F4AB16DA-C20B-4063-9C1B-4F0CABAF762A}.Debug|ARM.ActiveCfg = Debug|Any CPU
		{F4AB16DA-C20B-4063-9C1B-4F0CABAF762A}.Debug|ARM.Build.0 = Debug|Any CPU
		{F4AB16DA-C20B-4063-9C1B-4F0CABAF762A}.Debug|x64.ActiveCfg = Debug|Any CPU
		{F4AB16DA-C20B-4063-9C1B-4F0CABAF762A}.Debug|x64.Build.0 = Debug|Any CPU
		{F4AB16DA-C20B-4063-9C1B-4F0CABAF762A}.Debug|x86.ActiveCfg = Debug|Any CPU
		{F4AB16DA-C20B-4063-9C1B-4F0CABAF762A}.Debug|x86.Build.0 = Debug|Any CPU
		{F4AB16DA-C20B-4063-9C1B-4F0CABAF762A}.Release|Any CPU.ActiveCfg = Release|Any CPU
		{F4AB16DA-C20B-4063-9C1B-4F0CABAF762A}.Release|Any CPU.Build.0 = Release|Any CPU
		{F4AB16DA-C20B-4063-9C1B-4F0CABAF762A}.Release|ARM.ActiveCfg = Release|Any CPU
		{F4AB16DA-C20B-4063-9C1B-4F0CABAF762A}.Release|ARM.Build.0 = Release|Any CPU
		{F4AB16DA-C20B-4063-9C1B-4F0CABAF762A}.Release|x64.ActiveCfg = Release|Any CPU
		{F4AB16DA-C20B-4063-9C1B-4F0CABAF762A}.Release|x64.Build.0 = Release|Any CPU
		{F4AB16DA-C20B-4063-9C1B-4F0CABAF762A}.Release|x86.ActiveCfg = Release|Any CPU
		{F4AB16DA-C20B-4063-9C1B-4F0CABAF762A}.Release|x86.Build.0 = Release|Any CPU
		{8051F86B-FF47-4729-AADF-9571BD09471F}.Debug|Any CPU.ActiveCfg = Debug|Any CPU
		{8051F86B-FF47-4729-AADF-9571BD09471F}.Debug|Any CPU.Build.0 = Debug|Any CPU
		{8051F86B-FF47-4729-AADF-9571BD09471F}.Debug|ARM.ActiveCfg = Debug|Any CPU
		{8051F86B-FF47-4729-AADF-9571BD09471F}.Debug|ARM.Build.0 = Debug|Any CPU
		{8051F86B-FF47-4729-AADF-9571BD09471F}.Debug|x64.ActiveCfg = Debug|Any CPU
		{8051F86B-FF47-4729-AADF-9571BD09471F}.Debug|x64.Build.0 = Debug|Any CPU
		{8051F86B-FF47-4729-AADF-9571BD09471F}.Debug|x86.ActiveCfg = Debug|Any CPU
		{8051F86B-FF47-4729-AADF-9571BD09471F}.Debug|x86.Build.0 = Debug|Any CPU
		{8051F86B-FF47-4729-AADF-9571BD09471F}.Release|Any CPU.ActiveCfg = Release|Any CPU
		{8051F86B-FF47-4729-AADF-9571BD09471F}.Release|Any CPU.Build.0 = Release|Any CPU
		{8051F86B-FF47-4729-AADF-9571BD09471F}.Release|ARM.ActiveCfg = Release|Any CPU
		{8051F86B-FF47-4729-AADF-9571BD09471F}.Release|ARM.Build.0 = Release|Any CPU
		{8051F86B-FF47-4729-AADF-9571BD09471F}.Release|x64.ActiveCfg = Release|Any CPU
		{8051F86B-FF47-4729-AADF-9571BD09471F}.Release|x64.Build.0 = Release|Any CPU
		{8051F86B-FF47-4729-AADF-9571BD09471F}.Release|x86.ActiveCfg = Release|Any CPU
		{8051F86B-FF47-4729-AADF-9571BD09471F}.Release|x86.Build.0 = Release|Any CPU
	EndGlobalSection
	GlobalSection(SolutionProperties) = preSolution
		HideSolutionNode = FALSE
	EndGlobalSection
	GlobalSection(NestedProjects) = preSolution
		{9867B45D-E2E0-4445-8CC1-C945B3C3CE5F} = {02D90733-1874-42B8-9153-7117860FA7EC}
		{2CF546BE-3DF6-44D2-BF11-F1B56802DA70} = {02D90733-1874-42B8-9153-7117860FA7EC}
		{E6E0C9B7-ACC0-4963-A74D-C67C3E5E18AF} = {2ED56955-F3FC-49D7-8CA2-8B6D61C5A751}
		{808FECD3-91B3-4A54-AEA1-21A5655C9249} = {687F58F3-7600-4C71-8D86-F089325A34B1}
		{C102CAEE-32CB-4CE9-B2C4-320274811197} = {687F58F3-7600-4C71-8D86-F089325A34B1}
		{7CE788B1-9FDB-4B60-87DB-634D98FA6F45} = {02D90733-1874-42B8-9153-7117860FA7EC}
		{F9B1CFF0-FD23-44DA-B886-443015889A2D} = {02D90733-1874-42B8-9153-7117860FA7EC}
		{7B2467AB-A5B7-4516-A2E4-36A09EE2A55D} = {76770423-D4DF-41CA-9FFC-53C25B9191CA}
		{E00546B3-6D43-4BDF-91BB-FAEA67C79FF4} = {76770423-D4DF-41CA-9FFC-53C25B9191CA}
		{17AAF849-79C6-4FC9-A771-3EE83A2E94BB} = {76770423-D4DF-41CA-9FFC-53C25B9191CA}
		{D9F7EDE5-D855-4951-B0D8-4421597A90F1} = {86AF6D6C-7E13-44D4-99E0-84D3F114A388}
		{382CF559-6D20-465A-B8EF-B10852F40FF3} = {76770423-D4DF-41CA-9FFC-53C25B9191CA}
		{3DF613C0-BC47-49F4-94B3-CA7265FCA325} = {F7FEF359-F72A-4C44-BB9C-CE3F6C1B5C4C}
		{3D165C3C-1979-47CB-9CFE-1D8018AB7544} = {76770423-D4DF-41CA-9FFC-53C25B9191CA}
		{C452E2F3-7634-431D-B4E4-16A1BE7F0CC0} = {76770423-D4DF-41CA-9FFC-53C25B9191CA}
		{71462045-8B18-4C77-81EF-03586C31EFC3} = {76770423-D4DF-41CA-9FFC-53C25B9191CA}
		{9EC4B580-1488-4EC3-B848-8698CD55A572} = {76770423-D4DF-41CA-9FFC-53C25B9191CA}
		{B13ADBE4-4997-4082-8E47-6939F404C72B} = {02D90733-1874-42B8-9153-7117860FA7EC}
		{7454D45B-76C5-4B80-864F-44B263A9C3C3} = {76770423-D4DF-41CA-9FFC-53C25B9191CA}
		{4727C5C9-3F4B-467E-8C7B-034093B57EA3} = {02D90733-1874-42B8-9153-7117860FA7EC}
		{F8A1B4FE-53BA-47D1-AB59-EE50ED40FD0F} = {02D90733-1874-42B8-9153-7117860FA7EC}
		{21D2F72E-EF79-45AA-8F34-318FF6B03831} = {2ED56955-F3FC-49D7-8CA2-8B6D61C5A751}
		{F4AB16DA-C20B-4063-9C1B-4F0CABAF762A} = {F7FEF359-F72A-4C44-BB9C-CE3F6C1B5C4C}
		{8051F86B-FF47-4729-AADF-9571BD09471F} = {F7FEF359-F72A-4C44-BB9C-CE3F6C1B5C4C}
	EndGlobalSection
	GlobalSection(ExtensibilityGlobals) = postSolution
		SolutionGuid = {1422CC07-49FB-48AA-9AFB-25077121E1E1}
	EndGlobalSection
EndGlobal
