
Microsoft Visual Studio Solution File, Format Version 12.00
# Visual Studio 15
VisualStudioVersion = 15.0.27130.2036
MinimumVisualStudioVersion = 10.0.40219.1
Project("{FAE04EC0-301F-11D3-BF4B-00C04F79EFBC}") = "Taurit.Toolkit.CompressVideo", "Taurit.Toolkit.CompressVideo\Taurit.Toolkit.CompressVideo.csproj", "{4324BE48-BDA6-4785-99A6-62A235EAB603}"
EndProject
Project("{2150E333-8FDC-42A3-9474-1A3956D46DE8}") = "Solution Items", "Solution Items", "{E168A963-3FF6-4FE9-82B4-7647D4AD8D97}"
	ProjectSection(SolutionItems) = preProject
		README.md = README.md
		Taurit.Toolkit.sln.vsspell = Taurit.Toolkit.sln.vsspell
	EndProjectSection
EndProject
Project("{FAE04EC0-301F-11D3-BF4B-00C04F79EFBC}") = "Taurit.Toolkit.ConvertToWebP", "Taurit.Toolkit.ConvertToWebP\Taurit.Toolkit.ConvertToWebP.csproj", "{9867B45D-E2E0-4445-8CC1-C945B3C3CE5F}"
EndProject
Project("{FAE04EC0-301F-11D3-BF4B-00C04F79EFBC}") = "Taurit.Toolkit.RemoveJpgFilesWhenCr2FilesExist", "Taurit.Toolkit.RemoveJpgFilesWhenCr2FilesExist\Taurit.Toolkit.RemoveJpgFilesWhenCr2FilesExist.csproj", "{2CF546BE-3DF6-44D2-BF11-F1B56802DA70}"
EndProject
Project("{2150E333-8FDC-42A3-9474-1A3956D46DE8}") = "Tests", "Tests", "{2ED56955-F3FC-49D7-8CA2-8B6D61C5A751}"
EndProject
Project("{FAE04EC0-301F-11D3-BF4B-00C04F79EFBC}") = "Taurit.Toolkit.FixDateFormatInFilenames.Tests", "Taurit.Toolkit.FixDateFormatInFilenames.Tests\Taurit.Toolkit.FixDateFormatInFilenames.Tests.csproj", "{E6E0C9B7-ACC0-4963-A74D-C67C3E5E18AF}"
EndProject
Project("{FAE04EC0-301F-11D3-BF4B-00C04F79EFBC}") = "Taurit.Toolkit.OptimizeRssForFeedly", "Taurit.Toolkit.OptimizeRssForFeedly\Taurit.Toolkit.OptimizeRssForFeedly.csproj", "{808FECD3-91B3-4A54-AEA1-21A5655C9249}"
EndProject
Project("{FAE04EC0-301F-11D3-BF4B-00C04F79EFBC}") = "Taurit.Toolkit.OptimizeRssForFeedly.Tests", "Taurit.Toolkit.OptimizeRssForFeedly.Tests\Taurit.Toolkit.OptimizeRssForFeedly.Tests.csproj", "{C102CAEE-32CB-4CE9-B2C4-320274811197}"
EndProject
Project("{FAE04EC0-301F-11D3-BF4B-00C04F79EFBC}") = "Taurit.Toolkit.ProcessRecognizedInboxFiles", "Taurit.Toolkit.ProcessRecognizedInboxFiles\Taurit.Toolkit.ProcessRecognizedInboxFiles.csproj", "{7CE788B1-9FDB-4B60-87DB-634D98FA6F45}"
EndProject
Project("{FAE04EC0-301F-11D3-BF4B-00C04F79EFBC}") = "Taurit.Toolkit.FileProcessors", "Taurit.Toolkit.FileProcessors\Taurit.Toolkit.FileProcessors.csproj", "{A5C88488-5F85-443B-AF34-BF392351913D}"
EndProject
Project("{FAE04EC0-301F-11D3-BF4B-00C04F79EFBC}") = "Taurit.Toolkit.ConvertBlogpostImages", "Taurit.Toolkit.ConvertBlogpostImages\Taurit.Toolkit.ConvertBlogpostImages.csproj", "{F9B1CFF0-FD23-44DA-B886-443015889A2D}"
EndProject
Project("{FAE04EC0-301F-11D3-BF4B-00C04F79EFBC}") = "Taurit.Toolkit.FileProcessors.Tests", "Taurit.Toolkit.FileProcessors.Tests\Taurit.Toolkit.FileProcessors.Tests.csproj", "{A6A186D7-1C19-4AD4-B26C-607B1DF82FDF}"
EndProject
Project("{9A19103F-16F7-4668-BE54-9A1E7A4F7556}") = "Taurit.Toolkit.TodoistInboxHelper", "Taurit.Toolkit.TodoistInboxHelper\Taurit.Toolkit.TodoistInboxHelper.csproj", "{7B2467AB-A5B7-4516-A2E4-36A09EE2A55D}"
EndProject
Project("{FAE04EC0-301F-11D3-BF4B-00C04F79EFBC}") = "Taurit.Toolkit.ProcessTodoistInbox", "Taurit.Toolkit.ProcessTodoistInbox\Taurit.Toolkit.ProcessTodoistInbox.csproj", "{E00546B3-6D43-4BDF-91BB-FAEA67C79FF4}"
EndProject
Project("{FAE04EC0-301F-11D3-BF4B-00C04F79EFBC}") = "Taurit.Toolkit.ProcessTodoistInbox.Tests", "Taurit.Toolkit.ProcessTodoistInbox.Tests\Taurit.Toolkit.ProcessTodoistInbox.Tests.csproj", "{17AAF849-79C6-4FC9-A771-3EE83A2E94BB}"
EndProject
Project("{FAE04EC0-301F-11D3-BF4B-00C04F79EFBC}") = "Taurit.Toolkit.CountdownToSleep", "Taurit.Toolkit.CountdownToSleep\Taurit.Toolkit.CountdownToSleep.csproj", "{D9F7EDE5-D855-4951-B0D8-4421597A90F1}"
EndProject
Project("{FAE04EC0-301F-11D3-BF4B-00C04F79EFBC}") = "Taurit.Toolkit.ProcessTodoistInboxBackground", "Taurit.Toolkit.ProcessTodoistInboxBackground\Taurit.Toolkit.ProcessTodoistInboxBackground.csproj", "{3D9D4823-3671-46B8-953A-157A06461F58}"
EndProject
Project("{9A19103F-16F7-4668-BE54-9A1E7A4F7556}") = "Taurit.Toolkit.ProcesTodoistInbox.Common", "Taurit.Toolkit.ProcesTodoistInbox.Common\Taurit.Toolkit.ProcesTodoistInbox.Common.csproj", "{382CF559-6D20-465A-B8EF-B10852F40FF3}"
EndProject
Project("{FAE04EC0-301F-11D3-BF4B-00C04F79EFBC}") = "Taurit.Toolkit.ProcessTodoistInbox.Common.Tests", "Taurit.Toolkit.ProcessTodoistInbox.Common.Tests\Taurit.Toolkit.ProcessTodoistInbox.Common.Tests.csproj", "{77636582-2305-4274-B05F-3E68C9177D63}"
EndProject
Project("{9A19103F-16F7-4668-BE54-9A1E7A4F7556}") = "Taurit.Toolkit.ProcessTodoistInbox.Function", "Taurit.Toolkit.ProcessTodoistInbox.Function\Taurit.Toolkit.ProcessTodoistInbox.Function.csproj", "{F76551C2-9AB8-44AA-BB4C-0346C1AFB56C}"
EndProject
Project("{C7167F0D-BC9F-4E6E-AFE1-012C56B48DB5}") = "Taurit.Toolkit.CountdownToSleep.Store", "Taurit.Toolkit.CountdownToSleep.Store\Taurit.Toolkit.CountdownToSleep.Store.wapproj", "{5F938B41-3526-4478-9765-06C62432EF22}"
EndProject
Global
	GlobalSection(SolutionConfigurationPlatforms) = preSolution
		Debug|Any CPU = Debug|Any CPU
		Debug|ARM = Debug|ARM
		Debug|x64 = Debug|x64
		Debug|x86 = Debug|x86
		Release|Any CPU = Release|Any CPU
		Release|ARM = Release|ARM
		Release|x64 = Release|x64
		Release|x86 = Release|x86
	EndGlobalSection
	GlobalSection(ProjectConfigurationPlatforms) = postSolution
		{4324BE48-BDA6-4785-99A6-62A235EAB603}.Debug|Any CPU.ActiveCfg = Debug|Any CPU
		{4324BE48-BDA6-4785-99A6-62A235EAB603}.Debug|Any CPU.Build.0 = Debug|Any CPU
		{4324BE48-BDA6-4785-99A6-62A235EAB603}.Debug|ARM.ActiveCfg = Debug|Any CPU
		{4324BE48-BDA6-4785-99A6-62A235EAB603}.Debug|ARM.Build.0 = Debug|Any CPU
		{4324BE48-BDA6-4785-99A6-62A235EAB603}.Debug|x64.ActiveCfg = Debug|Any CPU
		{4324BE48-BDA6-4785-99A6-62A235EAB603}.Debug|x64.Build.0 = Debug|Any CPU
		{4324BE48-BDA6-4785-99A6-62A235EAB603}.Debug|x86.ActiveCfg = Debug|Any CPU
		{4324BE48-BDA6-4785-99A6-62A235EAB603}.Debug|x86.Build.0 = Debug|Any CPU
		{4324BE48-BDA6-4785-99A6-62A235EAB603}.Release|Any CPU.ActiveCfg = Release|Any CPU
		{4324BE48-BDA6-4785-99A6-62A235EAB603}.Release|Any CPU.Build.0 = Release|Any CPU
		{4324BE48-BDA6-4785-99A6-62A235EAB603}.Release|ARM.ActiveCfg = Release|Any CPU
		{4324BE48-BDA6-4785-99A6-62A235EAB603}.Release|ARM.Build.0 = Release|Any CPU
		{4324BE48-BDA6-4785-99A6-62A235EAB603}.Release|x64.ActiveCfg = Release|Any CPU
		{4324BE48-BDA6-4785-99A6-62A235EAB603}.Release|x64.Build.0 = Release|Any CPU
		{4324BE48-BDA6-4785-99A6-62A235EAB603}.Release|x86.ActiveCfg = Release|Any CPU
		{4324BE48-BDA6-4785-99A6-62A235EAB603}.Release|x86.Build.0 = Release|Any CPU
		{9867B45D-E2E0-4445-8CC1-C945B3C3CE5F}.Debug|Any CPU.ActiveCfg = Debug|Any CPU
		{9867B45D-E2E0-4445-8CC1-C945B3C3CE5F}.Debug|Any CPU.Build.0 = Debug|Any CPU
		{9867B45D-E2E0-4445-8CC1-C945B3C3CE5F}.Debug|ARM.ActiveCfg = Debug|Any CPU
		{9867B45D-E2E0-4445-8CC1-C945B3C3CE5F}.Debug|ARM.Build.0 = Debug|Any CPU
		{9867B45D-E2E0-4445-8CC1-C945B3C3CE5F}.Debug|x64.ActiveCfg = Debug|Any CPU
		{9867B45D-E2E0-4445-8CC1-C945B3C3CE5F}.Debug|x64.Build.0 = Debug|Any CPU
		{9867B45D-E2E0-4445-8CC1-C945B3C3CE5F}.Debug|x86.ActiveCfg = Debug|Any CPU
		{9867B45D-E2E0-4445-8CC1-C945B3C3CE5F}.Debug|x86.Build.0 = Debug|Any CPU
		{9867B45D-E2E0-4445-8CC1-C945B3C3CE5F}.Release|Any CPU.ActiveCfg = Release|Any CPU
		{9867B45D-E2E0-4445-8CC1-C945B3C3CE5F}.Release|Any CPU.Build.0 = Release|Any CPU
		{9867B45D-E2E0-4445-8CC1-C945B3C3CE5F}.Release|ARM.ActiveCfg = Release|Any CPU
		{9867B45D-E2E0-4445-8CC1-C945B3C3CE5F}.Release|ARM.Build.0 = Release|Any CPU
		{9867B45D-E2E0-4445-8CC1-C945B3C3CE5F}.Release|x64.ActiveCfg = Release|Any CPU
		{9867B45D-E2E0-4445-8CC1-C945B3C3CE5F}.Release|x64.Build.0 = Release|Any CPU
		{9867B45D-E2E0-4445-8CC1-C945B3C3CE5F}.Release|x86.ActiveCfg = Release|Any CPU
		{9867B45D-E2E0-4445-8CC1-C945B3C3CE5F}.Release|x86.Build.0 = Release|Any CPU
		{2CF546BE-3DF6-44D2-BF11-F1B56802DA70}.Debug|Any CPU.ActiveCfg = Debug|Any CPU
		{2CF546BE-3DF6-44D2-BF11-F1B56802DA70}.Debug|Any CPU.Build.0 = Debug|Any CPU
		{2CF546BE-3DF6-44D2-BF11-F1B56802DA70}.Debug|ARM.ActiveCfg = Debug|Any CPU
		{2CF546BE-3DF6-44D2-BF11-F1B56802DA70}.Debug|ARM.Build.0 = Debug|Any CPU
		{2CF546BE-3DF6-44D2-BF11-F1B56802DA70}.Debug|x64.ActiveCfg = Debug|Any CPU
		{2CF546BE-3DF6-44D2-BF11-F1B56802DA70}.Debug|x64.Build.0 = Debug|Any CPU
		{2CF546BE-3DF6-44D2-BF11-F1B56802DA70}.Debug|x86.ActiveCfg = Debug|Any CPU
		{2CF546BE-3DF6-44D2-BF11-F1B56802DA70}.Debug|x86.Build.0 = Debug|Any CPU
		{2CF546BE-3DF6-44D2-BF11-F1B56802DA70}.Release|Any CPU.ActiveCfg = Release|Any CPU
		{2CF546BE-3DF6-44D2-BF11-F1B56802DA70}.Release|Any CPU.Build.0 = Release|Any CPU
		{2CF546BE-3DF6-44D2-BF11-F1B56802DA70}.Release|ARM.ActiveCfg = Release|Any CPU
		{2CF546BE-3DF6-44D2-BF11-F1B56802DA70}.Release|ARM.Build.0 = Release|Any CPU
		{2CF546BE-3DF6-44D2-BF11-F1B56802DA70}.Release|x64.ActiveCfg = Release|Any CPU
		{2CF546BE-3DF6-44D2-BF11-F1B56802DA70}.Release|x64.Build.0 = Release|Any CPU
		{2CF546BE-3DF6-44D2-BF11-F1B56802DA70}.Release|x86.ActiveCfg = Release|Any CPU
		{2CF546BE-3DF6-44D2-BF11-F1B56802DA70}.Release|x86.Build.0 = Release|Any CPU
		{E6E0C9B7-ACC0-4963-A74D-C67C3E5E18AF}.Debug|Any CPU.ActiveCfg = Debug|Any CPU
		{E6E0C9B7-ACC0-4963-A74D-C67C3E5E18AF}.Debug|Any CPU.Build.0 = Debug|Any CPU
		{E6E0C9B7-ACC0-4963-A74D-C67C3E5E18AF}.Debug|ARM.ActiveCfg = Debug|Any CPU
		{E6E0C9B7-ACC0-4963-A74D-C67C3E5E18AF}.Debug|ARM.Build.0 = Debug|Any CPU
		{E6E0C9B7-ACC0-4963-A74D-C67C3E5E18AF}.Debug|x64.ActiveCfg = Debug|Any CPU
		{E6E0C9B7-ACC0-4963-A74D-C67C3E5E18AF}.Debug|x64.Build.0 = Debug|Any CPU
		{E6E0C9B7-ACC0-4963-A74D-C67C3E5E18AF}.Debug|x86.ActiveCfg = Debug|Any CPU
		{E6E0C9B7-ACC0-4963-A74D-C67C3E5E18AF}.Debug|x86.Build.0 = Debug|Any CPU
		{E6E0C9B7-ACC0-4963-A74D-C67C3E5E18AF}.Release|Any CPU.ActiveCfg = Release|Any CPU
		{E6E0C9B7-ACC0-4963-A74D-C67C3E5E18AF}.Release|Any CPU.Build.0 = Release|Any CPU
		{E6E0C9B7-ACC0-4963-A74D-C67C3E5E18AF}.Release|ARM.ActiveCfg = Release|Any CPU
		{E6E0C9B7-ACC0-4963-A74D-C67C3E5E18AF}.Release|ARM.Build.0 = Release|Any CPU
		{E6E0C9B7-ACC0-4963-A74D-C67C3E5E18AF}.Release|x64.ActiveCfg = Release|Any CPU
		{E6E0C9B7-ACC0-4963-A74D-C67C3E5E18AF}.Release|x64.Build.0 = Release|Any CPU
		{E6E0C9B7-ACC0-4963-A74D-C67C3E5E18AF}.Release|x86.ActiveCfg = Release|Any CPU
		{E6E0C9B7-ACC0-4963-A74D-C67C3E5E18AF}.Release|x86.Build.0 = Release|Any CPU
		{808FECD3-91B3-4A54-AEA1-21A5655C9249}.Debug|Any CPU.ActiveCfg = Debug|Any CPU
		{808FECD3-91B3-4A54-AEA1-21A5655C9249}.Debug|Any CPU.Build.0 = Debug|Any CPU
		{808FECD3-91B3-4A54-AEA1-21A5655C9249}.Debug|ARM.ActiveCfg = Debug|Any CPU
		{808FECD3-91B3-4A54-AEA1-21A5655C9249}.Debug|ARM.Build.0 = Debug|Any CPU
		{808FECD3-91B3-4A54-AEA1-21A5655C9249}.Debug|x64.ActiveCfg = Debug|Any CPU
		{808FECD3-91B3-4A54-AEA1-21A5655C9249}.Debug|x64.Build.0 = Debug|Any CPU
		{808FECD3-91B3-4A54-AEA1-21A5655C9249}.Debug|x86.ActiveCfg = Debug|Any CPU
		{808FECD3-91B3-4A54-AEA1-21A5655C9249}.Debug|x86.Build.0 = Debug|Any CPU
		{808FECD3-91B3-4A54-AEA1-21A5655C9249}.Release|Any CPU.ActiveCfg = Release|Any CPU
		{808FECD3-91B3-4A54-AEA1-21A5655C9249}.Release|Any CPU.Build.0 = Release|Any CPU
		{808FECD3-91B3-4A54-AEA1-21A5655C9249}.Release|ARM.ActiveCfg = Release|Any CPU
		{808FECD3-91B3-4A54-AEA1-21A5655C9249}.Release|ARM.Build.0 = Release|Any CPU
		{808FECD3-91B3-4A54-AEA1-21A5655C9249}.Release|x64.ActiveCfg = Release|Any CPU
		{808FECD3-91B3-4A54-AEA1-21A5655C9249}.Release|x64.Build.0 = Release|Any CPU
		{808FECD3-91B3-4A54-AEA1-21A5655C9249}.Release|x86.ActiveCfg = Release|Any CPU
		{808FECD3-91B3-4A54-AEA1-21A5655C9249}.Release|x86.Build.0 = Release|Any CPU
		{C102CAEE-32CB-4CE9-B2C4-320274811197}.Debug|Any CPU.ActiveCfg = Debug|Any CPU
		{C102CAEE-32CB-4CE9-B2C4-320274811197}.Debug|Any CPU.Build.0 = Debug|Any CPU
		{C102CAEE-32CB-4CE9-B2C4-320274811197}.Debug|ARM.ActiveCfg = Debug|Any CPU
		{C102CAEE-32CB-4CE9-B2C4-320274811197}.Debug|ARM.Build.0 = Debug|Any CPU
		{C102CAEE-32CB-4CE9-B2C4-320274811197}.Debug|x64.ActiveCfg = Debug|Any CPU
		{C102CAEE-32CB-4CE9-B2C4-320274811197}.Debug|x64.Build.0 = Debug|Any CPU
		{C102CAEE-32CB-4CE9-B2C4-320274811197}.Debug|x86.ActiveCfg = Debug|Any CPU
		{C102CAEE-32CB-4CE9-B2C4-320274811197}.Debug|x86.Build.0 = Debug|Any CPU
		{C102CAEE-32CB-4CE9-B2C4-320274811197}.Release|Any CPU.ActiveCfg = Release|Any CPU
		{C102CAEE-32CB-4CE9-B2C4-320274811197}.Release|Any CPU.Build.0 = Release|Any CPU
		{C102CAEE-32CB-4CE9-B2C4-320274811197}.Release|ARM.ActiveCfg = Release|Any CPU
		{C102CAEE-32CB-4CE9-B2C4-320274811197}.Release|ARM.Build.0 = Release|Any CPU
		{C102CAEE-32CB-4CE9-B2C4-320274811197}.Release|x64.ActiveCfg = Release|Any CPU
		{C102CAEE-32CB-4CE9-B2C4-320274811197}.Release|x64.Build.0 = Release|Any CPU
		{C102CAEE-32CB-4CE9-B2C4-320274811197}.Release|x86.ActiveCfg = Release|Any CPU
		{C102CAEE-32CB-4CE9-B2C4-320274811197}.Release|x86.Build.0 = Release|Any CPU
		{7CE788B1-9FDB-4B60-87DB-634D98FA6F45}.Debug|Any CPU.ActiveCfg = Debug|Any CPU
		{7CE788B1-9FDB-4B60-87DB-634D98FA6F45}.Debug|Any CPU.Build.0 = Debug|Any CPU
		{7CE788B1-9FDB-4B60-87DB-634D98FA6F45}.Debug|ARM.ActiveCfg = Debug|Any CPU
		{7CE788B1-9FDB-4B60-87DB-634D98FA6F45}.Debug|ARM.Build.0 = Debug|Any CPU
		{7CE788B1-9FDB-4B60-87DB-634D98FA6F45}.Debug|x64.ActiveCfg = Debug|Any CPU
		{7CE788B1-9FDB-4B60-87DB-634D98FA6F45}.Debug|x64.Build.0 = Debug|Any CPU
		{7CE788B1-9FDB-4B60-87DB-634D98FA6F45}.Debug|x86.ActiveCfg = Debug|Any CPU
		{7CE788B1-9FDB-4B60-87DB-634D98FA6F45}.Debug|x86.Build.0 = Debug|Any CPU
		{7CE788B1-9FDB-4B60-87DB-634D98FA6F45}.Release|Any CPU.ActiveCfg = Release|Any CPU
		{7CE788B1-9FDB-4B60-87DB-634D98FA6F45}.Release|Any CPU.Build.0 = Release|Any CPU
		{7CE788B1-9FDB-4B60-87DB-634D98FA6F45}.Release|ARM.ActiveCfg = Release|Any CPU
		{7CE788B1-9FDB-4B60-87DB-634D98FA6F45}.Release|ARM.Build.0 = Release|Any CPU
		{7CE788B1-9FDB-4B60-87DB-634D98FA6F45}.Release|x64.ActiveCfg = Release|Any CPU
		{7CE788B1-9FDB-4B60-87DB-634D98FA6F45}.Release|x64.Build.0 = Release|Any CPU
		{7CE788B1-9FDB-4B60-87DB-634D98FA6F45}.Release|x86.ActiveCfg = Release|Any CPU
		{7CE788B1-9FDB-4B60-87DB-634D98FA6F45}.Release|x86.Build.0 = Release|Any CPU
		{A5C88488-5F85-443B-AF34-BF392351913D}.Debug|Any CPU.ActiveCfg = Debug|Any CPU
		{A5C88488-5F85-443B-AF34-BF392351913D}.Debug|Any CPU.Build.0 = Debug|Any CPU
		{A5C88488-5F85-443B-AF34-BF392351913D}.Debug|ARM.ActiveCfg = Debug|Any CPU
		{A5C88488-5F85-443B-AF34-BF392351913D}.Debug|ARM.Build.0 = Debug|Any CPU
		{A5C88488-5F85-443B-AF34-BF392351913D}.Debug|x64.ActiveCfg = Debug|Any CPU
		{A5C88488-5F85-443B-AF34-BF392351913D}.Debug|x64.Build.0 = Debug|Any CPU
		{A5C88488-5F85-443B-AF34-BF392351913D}.Debug|x86.ActiveCfg = Debug|Any CPU
		{A5C88488-5F85-443B-AF34-BF392351913D}.Debug|x86.Build.0 = Debug|Any CPU
		{A5C88488-5F85-443B-AF34-BF392351913D}.Release|Any CPU.ActiveCfg = Release|Any CPU
		{A5C88488-5F85-443B-AF34-BF392351913D}.Release|Any CPU.Build.0 = Release|Any CPU
		{A5C88488-5F85-443B-AF34-BF392351913D}.Release|ARM.ActiveCfg = Release|Any CPU
		{A5C88488-5F85-443B-AF34-BF392351913D}.Release|ARM.Build.0 = Release|Any CPU
		{A5C88488-5F85-443B-AF34-BF392351913D}.Release|x64.ActiveCfg = Release|Any CPU
		{A5C88488-5F85-443B-AF34-BF392351913D}.Release|x64.Build.0 = Release|Any CPU
		{A5C88488-5F85-443B-AF34-BF392351913D}.Release|x86.ActiveCfg = Release|Any CPU
		{A5C88488-5F85-443B-AF34-BF392351913D}.Release|x86.Build.0 = Release|Any CPU
		{F9B1CFF0-FD23-44DA-B886-443015889A2D}.Debug|Any CPU.ActiveCfg = Debug|Any CPU
		{F9B1CFF0-FD23-44DA-B886-443015889A2D}.Debug|Any CPU.Build.0 = Debug|Any CPU
		{F9B1CFF0-FD23-44DA-B886-443015889A2D}.Debug|ARM.ActiveCfg = Debug|Any CPU
		{F9B1CFF0-FD23-44DA-B886-443015889A2D}.Debug|ARM.Build.0 = Debug|Any CPU
		{F9B1CFF0-FD23-44DA-B886-443015889A2D}.Debug|x64.ActiveCfg = Debug|Any CPU
		{F9B1CFF0-FD23-44DA-B886-443015889A2D}.Debug|x64.Build.0 = Debug|Any CPU
		{F9B1CFF0-FD23-44DA-B886-443015889A2D}.Debug|x86.ActiveCfg = Debug|Any CPU
		{F9B1CFF0-FD23-44DA-B886-443015889A2D}.Debug|x86.Build.0 = Debug|Any CPU
		{F9B1CFF0-FD23-44DA-B886-443015889A2D}.Release|Any CPU.ActiveCfg = Release|Any CPU
		{F9B1CFF0-FD23-44DA-B886-443015889A2D}.Release|Any CPU.Build.0 = Release|Any CPU
		{F9B1CFF0-FD23-44DA-B886-443015889A2D}.Release|ARM.ActiveCfg = Release|Any CPU
		{F9B1CFF0-FD23-44DA-B886-443015889A2D}.Release|ARM.Build.0 = Release|Any CPU
		{F9B1CFF0-FD23-44DA-B886-443015889A2D}.Release|x64.ActiveCfg = Release|Any CPU
		{F9B1CFF0-FD23-44DA-B886-443015889A2D}.Release|x64.Build.0 = Release|Any CPU
		{F9B1CFF0-FD23-44DA-B886-443015889A2D}.Release|x86.ActiveCfg = Release|Any CPU
		{F9B1CFF0-FD23-44DA-B886-443015889A2D}.Release|x86.Build.0 = Release|Any CPU
		{A6A186D7-1C19-4AD4-B26C-607B1DF82FDF}.Debug|Any CPU.ActiveCfg = Debug|Any CPU
		{A6A186D7-1C19-4AD4-B26C-607B1DF82FDF}.Debug|Any CPU.Build.0 = Debug|Any CPU
		{A6A186D7-1C19-4AD4-B26C-607B1DF82FDF}.Debug|ARM.ActiveCfg = Debug|Any CPU
		{A6A186D7-1C19-4AD4-B26C-607B1DF82FDF}.Debug|ARM.Build.0 = Debug|Any CPU
		{A6A186D7-1C19-4AD4-B26C-607B1DF82FDF}.Debug|x64.ActiveCfg = Debug|Any CPU
		{A6A186D7-1C19-4AD4-B26C-607B1DF82FDF}.Debug|x64.Build.0 = Debug|Any CPU
		{A6A186D7-1C19-4AD4-B26C-607B1DF82FDF}.Debug|x86.ActiveCfg = Debug|Any CPU
		{A6A186D7-1C19-4AD4-B26C-607B1DF82FDF}.Debug|x86.Build.0 = Debug|Any CPU
		{A6A186D7-1C19-4AD4-B26C-607B1DF82FDF}.Release|Any CPU.ActiveCfg = Release|Any CPU
		{A6A186D7-1C19-4AD4-B26C-607B1DF82FDF}.Release|Any CPU.Build.0 = Release|Any CPU
		{A6A186D7-1C19-4AD4-B26C-607B1DF82FDF}.Release|ARM.ActiveCfg = Release|Any CPU
		{A6A186D7-1C19-4AD4-B26C-607B1DF82FDF}.Release|ARM.Build.0 = Release|Any CPU
		{A6A186D7-1C19-4AD4-B26C-607B1DF82FDF}.Release|x64.ActiveCfg = Release|Any CPU
		{A6A186D7-1C19-4AD4-B26C-607B1DF82FDF}.Release|x64.Build.0 = Release|Any CPU
		{A6A186D7-1C19-4AD4-B26C-607B1DF82FDF}.Release|x86.ActiveCfg = Release|Any CPU
		{A6A186D7-1C19-4AD4-B26C-607B1DF82FDF}.Release|x86.Build.0 = Release|Any CPU
		{7B2467AB-A5B7-4516-A2E4-36A09EE2A55D}.Debug|Any CPU.ActiveCfg = Debug|Any CPU
		{7B2467AB-A5B7-4516-A2E4-36A09EE2A55D}.Debug|Any CPU.Build.0 = Debug|Any CPU
		{7B2467AB-A5B7-4516-A2E4-36A09EE2A55D}.Debug|ARM.ActiveCfg = Debug|Any CPU
		{7B2467AB-A5B7-4516-A2E4-36A09EE2A55D}.Debug|ARM.Build.0 = Debug|Any CPU
		{7B2467AB-A5B7-4516-A2E4-36A09EE2A55D}.Debug|x64.ActiveCfg = Debug|Any CPU
		{7B2467AB-A5B7-4516-A2E4-36A09EE2A55D}.Debug|x64.Build.0 = Debug|Any CPU
		{7B2467AB-A5B7-4516-A2E4-36A09EE2A55D}.Debug|x86.ActiveCfg = Debug|Any CPU
		{7B2467AB-A5B7-4516-A2E4-36A09EE2A55D}.Debug|x86.Build.0 = Debug|Any CPU
		{7B2467AB-A5B7-4516-A2E4-36A09EE2A55D}.Release|Any CPU.ActiveCfg = Release|Any CPU
		{7B2467AB-A5B7-4516-A2E4-36A09EE2A55D}.Release|Any CPU.Build.0 = Release|Any CPU
		{7B2467AB-A5B7-4516-A2E4-36A09EE2A55D}.Release|ARM.ActiveCfg = Release|Any CPU
		{7B2467AB-A5B7-4516-A2E4-36A09EE2A55D}.Release|ARM.Build.0 = Release|Any CPU
		{7B2467AB-A5B7-4516-A2E4-36A09EE2A55D}.Release|x64.ActiveCfg = Release|Any CPU
		{7B2467AB-A5B7-4516-A2E4-36A09EE2A55D}.Release|x64.Build.0 = Release|Any CPU
		{7B2467AB-A5B7-4516-A2E4-36A09EE2A55D}.Release|x86.ActiveCfg = Release|Any CPU
		{7B2467AB-A5B7-4516-A2E4-36A09EE2A55D}.Release|x86.Build.0 = Release|Any CPU
		{E00546B3-6D43-4BDF-91BB-FAEA67C79FF4}.Debug|Any CPU.ActiveCfg = Debug|Any CPU
		{E00546B3-6D43-4BDF-91BB-FAEA67C79FF4}.Debug|Any CPU.Build.0 = Debug|Any CPU
		{E00546B3-6D43-4BDF-91BB-FAEA67C79FF4}.Debug|ARM.ActiveCfg = Debug|Any CPU
		{E00546B3-6D43-4BDF-91BB-FAEA67C79FF4}.Debug|ARM.Build.0 = Debug|Any CPU
		{E00546B3-6D43-4BDF-91BB-FAEA67C79FF4}.Debug|x64.ActiveCfg = Debug|Any CPU
		{E00546B3-6D43-4BDF-91BB-FAEA67C79FF4}.Debug|x64.Build.0 = Debug|Any CPU
		{E00546B3-6D43-4BDF-91BB-FAEA67C79FF4}.Debug|x86.ActiveCfg = Debug|Any CPU
		{E00546B3-6D43-4BDF-91BB-FAEA67C79FF4}.Debug|x86.Build.0 = Debug|Any CPU
		{E00546B3-6D43-4BDF-91BB-FAEA67C79FF4}.Release|Any CPU.ActiveCfg = Release|Any CPU
		{E00546B3-6D43-4BDF-91BB-FAEA67C79FF4}.Release|Any CPU.Build.0 = Release|Any CPU
		{E00546B3-6D43-4BDF-91BB-FAEA67C79FF4}.Release|ARM.ActiveCfg = Release|Any CPU
		{E00546B3-6D43-4BDF-91BB-FAEA67C79FF4}.Release|ARM.Build.0 = Release|Any CPU
		{E00546B3-6D43-4BDF-91BB-FAEA67C79FF4}.Release|x64.ActiveCfg = Release|Any CPU
		{E00546B3-6D43-4BDF-91BB-FAEA67C79FF4}.Release|x64.Build.0 = Release|Any CPU
		{E00546B3-6D43-4BDF-91BB-FAEA67C79FF4}.Release|x86.ActiveCfg = Release|Any CPU
		{E00546B3-6D43-4BDF-91BB-FAEA67C79FF4}.Release|x86.Build.0 = Release|Any CPU
		{17AAF849-79C6-4FC9-A771-3EE83A2E94BB}.Debug|Any CPU.ActiveCfg = Debug|Any CPU
		{17AAF849-79C6-4FC9-A771-3EE83A2E94BB}.Debug|Any CPU.Build.0 = Debug|Any CPU
		{17AAF849-79C6-4FC9-A771-3EE83A2E94BB}.Debug|ARM.ActiveCfg = Debug|Any CPU
		{17AAF849-79C6-4FC9-A771-3EE83A2E94BB}.Debug|ARM.Build.0 = Debug|Any CPU
		{17AAF849-79C6-4FC9-A771-3EE83A2E94BB}.Debug|x64.ActiveCfg = Debug|Any CPU
		{17AAF849-79C6-4FC9-A771-3EE83A2E94BB}.Debug|x64.Build.0 = Debug|Any CPU
		{17AAF849-79C6-4FC9-A771-3EE83A2E94BB}.Debug|x86.ActiveCfg = Debug|Any CPU
		{17AAF849-79C6-4FC9-A771-3EE83A2E94BB}.Debug|x86.Build.0 = Debug|Any CPU
		{17AAF849-79C6-4FC9-A771-3EE83A2E94BB}.Release|Any CPU.ActiveCfg = Release|Any CPU
		{17AAF849-79C6-4FC9-A771-3EE83A2E94BB}.Release|Any CPU.Build.0 = Release|Any CPU
		{17AAF849-79C6-4FC9-A771-3EE83A2E94BB}.Release|ARM.ActiveCfg = Release|Any CPU
		{17AAF849-79C6-4FC9-A771-3EE83A2E94BB}.Release|ARM.Build.0 = Release|Any CPU
		{17AAF849-79C6-4FC9-A771-3EE83A2E94BB}.Release|x64.ActiveCfg = Release|Any CPU
		{17AAF849-79C6-4FC9-A771-3EE83A2E94BB}.Release|x64.Build.0 = Release|Any CPU
		{17AAF849-79C6-4FC9-A771-3EE83A2E94BB}.Release|x86.ActiveCfg = Release|Any CPU
		{17AAF849-79C6-4FC9-A771-3EE83A2E94BB}.Release|x86.Build.0 = Release|Any CPU
		{D9F7EDE5-D855-4951-B0D8-4421597A90F1}.Debug|Any CPU.ActiveCfg = Debug|Any CPU
		{D9F7EDE5-D855-4951-B0D8-4421597A90F1}.Debug|Any CPU.Build.0 = Debug|Any CPU
		{D9F7EDE5-D855-4951-B0D8-4421597A90F1}.Debug|ARM.ActiveCfg = Debug|Any CPU
		{D9F7EDE5-D855-4951-B0D8-4421597A90F1}.Debug|ARM.Build.0 = Debug|Any CPU
		{D9F7EDE5-D855-4951-B0D8-4421597A90F1}.Debug|x64.ActiveCfg = Debug|Any CPU
		{D9F7EDE5-D855-4951-B0D8-4421597A90F1}.Debug|x64.Build.0 = Debug|Any CPU
		{D9F7EDE5-D855-4951-B0D8-4421597A90F1}.Debug|x86.ActiveCfg = Debug|Any CPU
		{D9F7EDE5-D855-4951-B0D8-4421597A90F1}.Debug|x86.Build.0 = Debug|Any CPU
		{D9F7EDE5-D855-4951-B0D8-4421597A90F1}.Release|Any CPU.ActiveCfg = Release|Any CPU
		{D9F7EDE5-D855-4951-B0D8-4421597A90F1}.Release|Any CPU.Build.0 = Release|Any CPU
		{D9F7EDE5-D855-4951-B0D8-4421597A90F1}.Release|ARM.ActiveCfg = Release|Any CPU
		{D9F7EDE5-D855-4951-B0D8-4421597A90F1}.Release|ARM.Build.0 = Release|Any CPU
		{D9F7EDE5-D855-4951-B0D8-4421597A90F1}.Release|x64.ActiveCfg = Release|Any CPU
		{D9F7EDE5-D855-4951-B0D8-4421597A90F1}.Release|x64.Build.0 = Release|Any CPU
		{D9F7EDE5-D855-4951-B0D8-4421597A90F1}.Release|x86.ActiveCfg = Release|Any CPU
		{D9F7EDE5-D855-4951-B0D8-4421597A90F1}.Release|x86.Build.0 = Release|Any CPU
		{3D9D4823-3671-46B8-953A-157A06461F58}.Debug|Any CPU.ActiveCfg = Debug|ARM
		{3D9D4823-3671-46B8-953A-157A06461F58}.Debug|Any CPU.Build.0 = Debug|ARM
		{3D9D4823-3671-46B8-953A-157A06461F58}.Debug|ARM.ActiveCfg = Debug|ARM
		{3D9D4823-3671-46B8-953A-157A06461F58}.Debug|ARM.Build.0 = Debug|ARM
		{3D9D4823-3671-46B8-953A-157A06461F58}.Debug|ARM.Deploy.0 = Debug|ARM
		{3D9D4823-3671-46B8-953A-157A06461F58}.Debug|x64.ActiveCfg = Debug|x64
		{3D9D4823-3671-46B8-953A-157A06461F58}.Debug|x64.Build.0 = Debug|x64
		{3D9D4823-3671-46B8-953A-157A06461F58}.Debug|x64.Deploy.0 = Debug|x64
		{3D9D4823-3671-46B8-953A-157A06461F58}.Debug|x86.ActiveCfg = Debug|x86
		{3D9D4823-3671-46B8-953A-157A06461F58}.Debug|x86.Build.0 = Debug|x86
		{3D9D4823-3671-46B8-953A-157A06461F58}.Debug|x86.Deploy.0 = Debug|x86
		{3D9D4823-3671-46B8-953A-157A06461F58}.Release|Any CPU.ActiveCfg = Release|ARM
		{3D9D4823-3671-46B8-953A-157A06461F58}.Release|Any CPU.Build.0 = Release|ARM
		{3D9D4823-3671-46B8-953A-157A06461F58}.Release|ARM.ActiveCfg = Release|ARM
		{3D9D4823-3671-46B8-953A-157A06461F58}.Release|ARM.Build.0 = Release|ARM
		{3D9D4823-3671-46B8-953A-157A06461F58}.Release|ARM.Deploy.0 = Release|ARM
		{3D9D4823-3671-46B8-953A-157A06461F58}.Release|x64.ActiveCfg = Release|x64
		{3D9D4823-3671-46B8-953A-157A06461F58}.Release|x64.Build.0 = Release|x64
		{3D9D4823-3671-46B8-953A-157A06461F58}.Release|x64.Deploy.0 = Release|x64
		{3D9D4823-3671-46B8-953A-157A06461F58}.Release|x86.ActiveCfg = Release|x86
		{3D9D4823-3671-46B8-953A-157A06461F58}.Release|x86.Build.0 = Release|x86
		{3D9D4823-3671-46B8-953A-157A06461F58}.Release|x86.Deploy.0 = Release|x86
		{382CF559-6D20-465A-B8EF-B10852F40FF3}.Debug|Any CPU.ActiveCfg = Debug|Any CPU
		{382CF559-6D20-465A-B8EF-B10852F40FF3}.Debug|Any CPU.Build.0 = Debug|Any CPU
		{382CF559-6D20-465A-B8EF-B10852F40FF3}.Debug|ARM.ActiveCfg = Debug|Any CPU
		{382CF559-6D20-465A-B8EF-B10852F40FF3}.Debug|ARM.Build.0 = Debug|Any CPU
		{382CF559-6D20-465A-B8EF-B10852F40FF3}.Debug|x64.ActiveCfg = Debug|Any CPU
		{382CF559-6D20-465A-B8EF-B10852F40FF3}.Debug|x64.Build.0 = Debug|Any CPU
		{382CF559-6D20-465A-B8EF-B10852F40FF3}.Debug|x86.ActiveCfg = Debug|Any CPU
		{382CF559-6D20-465A-B8EF-B10852F40FF3}.Debug|x86.Build.0 = Debug|Any CPU
		{382CF559-6D20-465A-B8EF-B10852F40FF3}.Release|Any CPU.ActiveCfg = Release|Any CPU
		{382CF559-6D20-465A-B8EF-B10852F40FF3}.Release|Any CPU.Build.0 = Release|Any CPU
		{382CF559-6D20-465A-B8EF-B10852F40FF3}.Release|ARM.ActiveCfg = Release|Any CPU
		{382CF559-6D20-465A-B8EF-B10852F40FF3}.Release|ARM.Build.0 = Release|Any CPU
		{382CF559-6D20-465A-B8EF-B10852F40FF3}.Release|x64.ActiveCfg = Release|Any CPU
		{382CF559-6D20-465A-B8EF-B10852F40FF3}.Release|x64.Build.0 = Release|Any CPU
		{382CF559-6D20-465A-B8EF-B10852F40FF3}.Release|x86.ActiveCfg = Release|Any CPU
		{382CF559-6D20-465A-B8EF-B10852F40FF3}.Release|x86.Build.0 = Release|Any CPU
		{77636582-2305-4274-B05F-3E68C9177D63}.Debug|Any CPU.ActiveCfg = Debug|Any CPU
		{77636582-2305-4274-B05F-3E68C9177D63}.Debug|Any CPU.Build.0 = Debug|Any CPU
		{77636582-2305-4274-B05F-3E68C9177D63}.Debug|ARM.ActiveCfg = Debug|Any CPU
		{77636582-2305-4274-B05F-3E68C9177D63}.Debug|ARM.Build.0 = Debug|Any CPU
		{77636582-2305-4274-B05F-3E68C9177D63}.Debug|x64.ActiveCfg = Debug|Any CPU
		{77636582-2305-4274-B05F-3E68C9177D63}.Debug|x64.Build.0 = Debug|Any CPU
		{77636582-2305-4274-B05F-3E68C9177D63}.Debug|x86.ActiveCfg = Debug|Any CPU
		{77636582-2305-4274-B05F-3E68C9177D63}.Debug|x86.Build.0 = Debug|Any CPU
		{77636582-2305-4274-B05F-3E68C9177D63}.Release|Any CPU.ActiveCfg = Release|Any CPU
		{77636582-2305-4274-B05F-3E68C9177D63}.Release|Any CPU.Build.0 = Release|Any CPU
		{77636582-2305-4274-B05F-3E68C9177D63}.Release|ARM.ActiveCfg = Release|Any CPU
		{77636582-2305-4274-B05F-3E68C9177D63}.Release|ARM.Build.0 = Release|Any CPU
		{77636582-2305-4274-B05F-3E68C9177D63}.Release|x64.ActiveCfg = Release|Any CPU
		{77636582-2305-4274-B05F-3E68C9177D63}.Release|x64.Build.0 = Release|Any CPU
		{77636582-2305-4274-B05F-3E68C9177D63}.Release|x86.ActiveCfg = Release|Any CPU
		{77636582-2305-4274-B05F-3E68C9177D63}.Release|x86.Build.0 = Release|Any CPU
		{F76551C2-9AB8-44AA-BB4C-0346C1AFB56C}.Debug|Any CPU.ActiveCfg = Debug|Any CPU
		{F76551C2-9AB8-44AA-BB4C-0346C1AFB56C}.Debug|Any CPU.Build.0 = Debug|Any CPU
		{F76551C2-9AB8-44AA-BB4C-0346C1AFB56C}.Debug|ARM.ActiveCfg = Debug|Any CPU
		{F76551C2-9AB8-44AA-BB4C-0346C1AFB56C}.Debug|ARM.Build.0 = Debug|Any CPU
		{F76551C2-9AB8-44AA-BB4C-0346C1AFB56C}.Debug|x64.ActiveCfg = Debug|Any CPU
		{F76551C2-9AB8-44AA-BB4C-0346C1AFB56C}.Debug|x64.Build.0 = Debug|Any CPU
		{F76551C2-9AB8-44AA-BB4C-0346C1AFB56C}.Debug|x86.ActiveCfg = Debug|Any CPU
		{F76551C2-9AB8-44AA-BB4C-0346C1AFB56C}.Debug|x86.Build.0 = Debug|Any CPU
		{F76551C2-9AB8-44AA-BB4C-0346C1AFB56C}.Release|Any CPU.ActiveCfg = Release|Any CPU
		{F76551C2-9AB8-44AA-BB4C-0346C1AFB56C}.Release|Any CPU.Build.0 = Release|Any CPU
		{F76551C2-9AB8-44AA-BB4C-0346C1AFB56C}.Release|ARM.ActiveCfg = Release|Any CPU
		{F76551C2-9AB8-44AA-BB4C-0346C1AFB56C}.Release|ARM.Build.0 = Release|Any CPU
		{F76551C2-9AB8-44AA-BB4C-0346C1AFB56C}.Release|x64.ActiveCfg = Release|Any CPU
		{F76551C2-9AB8-44AA-BB4C-0346C1AFB56C}.Release|x64.Build.0 = Release|Any CPU
		{F76551C2-9AB8-44AA-BB4C-0346C1AFB56C}.Release|x86.ActiveCfg = Release|Any CPU
		{F76551C2-9AB8-44AA-BB4C-0346C1AFB56C}.Release|x86.Build.0 = Release|Any CPU
		{5F938B41-3526-4478-9765-06C62432EF22}.Debug|Any CPU.ActiveCfg = Debug|Any CPU
		{5F938B41-3526-4478-9765-06C62432EF22}.Debug|Any CPU.Build.0 = Debug|Any CPU
		{5F938B41-3526-4478-9765-06C62432EF22}.Debug|Any CPU.Deploy.0 = Debug|Any CPU
		{5F938B41-3526-4478-9765-06C62432EF22}.Debug|ARM.ActiveCfg = Debug|Any CPU
		{5F938B41-3526-4478-9765-06C62432EF22}.Debug|ARM.Build.0 = Debug|Any CPU
		{5F938B41-3526-4478-9765-06C62432EF22}.Debug|ARM.Deploy.0 = Debug|Any CPU
		{5F938B41-3526-4478-9765-06C62432EF22}.Debug|x64.ActiveCfg = Debug|x64
		{5F938B41-3526-4478-9765-06C62432EF22}.Debug|x64.Build.0 = Debug|x64
		{5F938B41-3526-4478-9765-06C62432EF22}.Debug|x64.Deploy.0 = Debug|x64
		{5F938B41-3526-4478-9765-06C62432EF22}.Debug|x86.ActiveCfg = Debug|x86
		{5F938B41-3526-4478-9765-06C62432EF22}.Debug|x86.Build.0 = Debug|x86
		{5F938B41-3526-4478-9765-06C62432EF22}.Debug|x86.Deploy.0 = Debug|x86
		{5F938B41-3526-4478-9765-06C62432EF22}.Release|Any CPU.ActiveCfg = Release|Any CPU
		{5F938B41-3526-4478-9765-06C62432EF22}.Release|Any CPU.Build.0 = Release|Any CPU
		{5F938B41-3526-4478-9765-06C62432EF22}.Release|ARM.ActiveCfg = Release|Any CPU
		{5F938B41-3526-4478-9765-06C62432EF22}.Release|ARM.Build.0 = Release|Any CPU
		{5F938B41-3526-4478-9765-06C62432EF22}.Release|ARM.Deploy.0 = Release|Any CPU
		{5F938B41-3526-4478-9765-06C62432EF22}.Release|x64.ActiveCfg = Release|x64
		{5F938B41-3526-4478-9765-06C62432EF22}.Release|x64.Build.0 = Release|x64
		{5F938B41-3526-4478-9765-06C62432EF22}.Release|x64.Deploy.0 = Release|x64
		{5F938B41-3526-4478-9765-06C62432EF22}.Release|x86.ActiveCfg = Release|x86
		{5F938B41-3526-4478-9765-06C62432EF22}.Release|x86.Build.0 = Release|x86
		{5F938B41-3526-4478-9765-06C62432EF22}.Release|x86.Deploy.0 = Release|x86
	EndGlobalSection
	GlobalSection(SolutionProperties) = preSolution
		HideSolutionNode = FALSE
	EndGlobalSection
	GlobalSection(NestedProjects) = preSolution
		{E6E0C9B7-ACC0-4963-A74D-C67C3E5E18AF} = {2ED56955-F3FC-49D7-8CA2-8B6D61C5A751}
		{C102CAEE-32CB-4CE9-B2C4-320274811197} = {2ED56955-F3FC-49D7-8CA2-8B6D61C5A751}
		{A6A186D7-1C19-4AD4-B26C-607B1DF82FDF} = {2ED56955-F3FC-49D7-8CA2-8B6D61C5A751}
		{17AAF849-79C6-4FC9-A771-3EE83A2E94BB} = {2ED56955-F3FC-49D7-8CA2-8B6D61C5A751}
		{77636582-2305-4274-B05F-3E68C9177D63} = {2ED56955-F3FC-49D7-8CA2-8B6D61C5A751}
	EndGlobalSection
	GlobalSection(ExtensibilityGlobals) = postSolution
		SolutionGuid = {1422CC07-49FB-48AA-9AFB-25077121E1E1}
	EndGlobalSection
EndGlobal
