
Microsoft Visual Studio Solution File, Format Version 12.00
# Visual Studio 15
VisualStudioVersion = 15.0.27130.2027
MinimumVisualStudioVersion = 10.0.40219.1
Project("{FAE04EC0-301F-11D3-BF4B-00C04F79EFBC}") = "Taurit.Toolkit.CompressVideo", "Taurit.Toolkit.CompressVideo\Taurit.Toolkit.CompressVideo.csproj", "{4324BE48-BDA6-4785-99A6-62A235EAB603}"
EndProject
Project("{2150E333-8FDC-42A3-9474-1A3956D46DE8}") = "Solution Items", "Solution Items", "{E168A963-3FF6-4FE9-82B4-7647D4AD8D97}"
	ProjectSection(SolutionItems) = preProject
		README.md = README.md
		Taurit.Toolkit.sln.vsspell = Taurit.Toolkit.sln.vsspell
	EndProjectSection
EndProject
Project("{FAE04EC0-301F-11D3-BF4B-00C04F79EFBC}") = "Taurit.Toolkit.ConvertToWebP", "Taurit.Toolkit.ConvertToWebP\Taurit.Toolkit.ConvertToWebP.csproj", "{9867B45D-E2E0-4445-8CC1-C945B3C3CE5F}"
EndProject
Project("{FAE04EC0-301F-11D3-BF4B-00C04F79EFBC}") = "Taurit.Toolkit.RemoveJpgFilesWhenCr2FilesExist", "Taurit.Toolkit.RemoveJpgFilesWhenCr2FilesExist\Taurit.Toolkit.RemoveJpgFilesWhenCr2FilesExist.csproj", "{2CF546BE-3DF6-44D2-BF11-F1B56802DA70}"
EndProject
Project("{9A19103F-16F7-4668-BE54-9A1E7A4F7556}") = "Taurit.Toolkit.Commons", "Taurit.Toolkit.Commons\Taurit.Toolkit.Commons.csproj", "{862FA69B-A2C1-44AF-A876-D4EB4B4CD435}"
EndProject
Project("{FAE04EC0-301F-11D3-BF4B-00C04F79EFBC}") = "Taurit.Toolkit.FixDateFormatInFilenames", "Taurit.Toolkit.FixDateFormatInFilenames\Taurit.Toolkit.FixDateFormatInFilenames.csproj", "{56BCC883-348D-4D69-8D75-061BA2C3AE93}"
EndProject
Project("{2150E333-8FDC-42A3-9474-1A3956D46DE8}") = "Tests", "Tests", "{2ED56955-F3FC-49D7-8CA2-8B6D61C5A751}"
EndProject
Project("{FAE04EC0-301F-11D3-BF4B-00C04F79EFBC}") = "Taurit.Toolkit.FixDateFormatInFilenames.Tests", "Taurit.Toolkit.FixDateFormatInFilenames.Tests\Taurit.Toolkit.FixDateFormatInFilenames.Tests.csproj", "{E6E0C9B7-ACC0-4963-A74D-C67C3E5E18AF}"
EndProject
Project("{FAE04EC0-301F-11D3-BF4B-00C04F79EFBC}") = "Taurit.Toolkit.OptimizeRssForFeedly", "Taurit.Toolkit.OptimizeRssForFeedly\Taurit.Toolkit.OptimizeRssForFeedly.csproj", "{808FECD3-91B3-4A54-AEA1-21A5655C9249}"
EndProject
Project("{FAE04EC0-301F-11D3-BF4B-00C04F79EFBC}") = "Taurit.Toolkit.OptimizeRssForFeedly.Tests", "Taurit.Toolkit.OptimizeRssForFeedly.Tests\Taurit.Toolkit.OptimizeRssForFeedly.Tests.csproj", "{C102CAEE-32CB-4CE9-B2C4-320274811197}"
EndProject
Project("{FAE04EC0-301F-11D3-BF4B-00C04F79EFBC}") = "Taurit.Toolkit.ProcessRecognizedInboxFiles", "Taurit.Toolkit.ProcessRecognizedInboxFiles\Taurit.Toolkit.ProcessRecognizedInboxFiles.csproj", "{7CE788B1-9FDB-4B60-87DB-634D98FA6F45}"
EndProject
Global
	GlobalSection(SolutionConfigurationPlatforms) = preSolution
		Debug|Any CPU = Debug|Any CPU
		Release|Any CPU = Release|Any CPU
	EndGlobalSection
	GlobalSection(ProjectConfigurationPlatforms) = postSolution
		{4324BE48-BDA6-4785-99A6-62A235EAB603}.Debug|Any CPU.ActiveCfg = Debug|Any CPU
		{4324BE48-BDA6-4785-99A6-62A235EAB603}.Debug|Any CPU.Build.0 = Debug|Any CPU
		{4324BE48-BDA6-4785-99A6-62A235EAB603}.Release|Any CPU.ActiveCfg = Release|Any CPU
		{4324BE48-BDA6-4785-99A6-62A235EAB603}.Release|Any CPU.Build.0 = Release|Any CPU
		{9867B45D-E2E0-4445-8CC1-C945B3C3CE5F}.Debug|Any CPU.ActiveCfg = Debug|Any CPU
		{9867B45D-E2E0-4445-8CC1-C945B3C3CE5F}.Debug|Any CPU.Build.0 = Debug|Any CPU
		{9867B45D-E2E0-4445-8CC1-C945B3C3CE5F}.Release|Any CPU.ActiveCfg = Release|Any CPU
		{9867B45D-E2E0-4445-8CC1-C945B3C3CE5F}.Release|Any CPU.Build.0 = Release|Any CPU
		{2CF546BE-3DF6-44D2-BF11-F1B56802DA70}.Debug|Any CPU.ActiveCfg = Debug|Any CPU
		{2CF546BE-3DF6-44D2-BF11-F1B56802DA70}.Debug|Any CPU.Build.0 = Debug|Any CPU
		{2CF546BE-3DF6-44D2-BF11-F1B56802DA70}.Release|Any CPU.ActiveCfg = Release|Any CPU
		{2CF546BE-3DF6-44D2-BF11-F1B56802DA70}.Release|Any CPU.Build.0 = Release|Any CPU
		{862FA69B-A2C1-44AF-A876-D4EB4B4CD435}.Debug|Any CPU.ActiveCfg = Debug|Any CPU
		{862FA69B-A2C1-44AF-A876-D4EB4B4CD435}.Debug|Any CPU.Build.0 = Debug|Any CPU
		{862FA69B-A2C1-44AF-A876-D4EB4B4CD435}.Release|Any CPU.ActiveCfg = Release|Any CPU
		{862FA69B-A2C1-44AF-A876-D4EB4B4CD435}.Release|Any CPU.Build.0 = Release|Any CPU
		{56BCC883-348D-4D69-8D75-061BA2C3AE93}.Debug|Any CPU.ActiveCfg = Debug|Any CPU
		{56BCC883-348D-4D69-8D75-061BA2C3AE93}.Debug|Any CPU.Build.0 = Debug|Any CPU
		{56BCC883-348D-4D69-8D75-061BA2C3AE93}.Release|Any CPU.ActiveCfg = Release|Any CPU
		{56BCC883-348D-4D69-8D75-061BA2C3AE93}.Release|Any CPU.Build.0 = Release|Any CPU
		{E6E0C9B7-ACC0-4963-A74D-C67C3E5E18AF}.Debug|Any CPU.ActiveCfg = Debug|Any CPU
		{E6E0C9B7-ACC0-4963-A74D-C67C3E5E18AF}.Debug|Any CPU.Build.0 = Debug|Any CPU
		{E6E0C9B7-ACC0-4963-A74D-C67C3E5E18AF}.Release|Any CPU.ActiveCfg = Release|Any CPU
		{E6E0C9B7-ACC0-4963-A74D-C67C3E5E18AF}.Release|Any CPU.Build.0 = Release|Any CPU
		{808FECD3-91B3-4A54-AEA1-21A5655C9249}.Debug|Any CPU.ActiveCfg = Debug|Any CPU
		{808FECD3-91B3-4A54-AEA1-21A5655C9249}.Debug|Any CPU.Build.0 = Debug|Any CPU
		{808FECD3-91B3-4A54-AEA1-21A5655C9249}.Release|Any CPU.ActiveCfg = Release|Any CPU
		{808FECD3-91B3-4A54-AEA1-21A5655C9249}.Release|Any CPU.Build.0 = Release|Any CPU
		{C102CAEE-32CB-4CE9-B2C4-320274811197}.Debug|Any CPU.ActiveCfg = Debug|Any CPU
		{C102CAEE-32CB-4CE9-B2C4-320274811197}.Debug|Any CPU.Build.0 = Debug|Any CPU
		{C102CAEE-32CB-4CE9-B2C4-320274811197}.Release|Any CPU.ActiveCfg = Release|Any CPU
		{C102CAEE-32CB-4CE9-B2C4-320274811197}.Release|Any CPU.Build.0 = Release|Any CPU
		{7CE788B1-9FDB-4B60-87DB-634D98FA6F45}.Debug|Any CPU.ActiveCfg = Debug|Any CPU
		{7CE788B1-9FDB-4B60-87DB-634D98FA6F45}.Debug|Any CPU.Build.0 = Debug|Any CPU
		{7CE788B1-9FDB-4B60-87DB-634D98FA6F45}.Release|Any CPU.ActiveCfg = Release|Any CPU
		{7CE788B1-9FDB-4B60-87DB-634D98FA6F45}.Release|Any CPU.Build.0 = Release|Any CPU
	EndGlobalSection
	GlobalSection(SolutionProperties) = preSolution
		HideSolutionNode = FALSE
	EndGlobalSection
	GlobalSection(NestedProjects) = preSolution
		{E6E0C9B7-ACC0-4963-A74D-C67C3E5E18AF} = {2ED56955-F3FC-49D7-8CA2-8B6D61C5A751}
		{C102CAEE-32CB-4CE9-B2C4-320274811197} = {2ED56955-F3FC-49D7-8CA2-8B6D61C5A751}
	EndGlobalSection
	GlobalSection(ExtensibilityGlobals) = postSolution
		SolutionGuid = {1422CC07-49FB-48AA-9AFB-25077121E1E1}
	EndGlobalSection
EndGlobal
